// !$*UTF8*$!
{
	archiveVersion = 1;
	classes = {
	};
	objectVersion = 55;
	objects = {

/* Begin PBXBuildFile section */
		CE302E80280148F500A6B216 /* AppDelegate.swift in Sources */ = {isa = PBXBuildFile; fileRef = CE302E7F280148F500A6B216 /* AppDelegate.swift */; };
		CE302E82280148F500A6B216 /* SceneDelegate.swift in Sources */ = {isa = PBXBuildFile; fileRef = CE302E81280148F500A6B216 /* SceneDelegate.swift */; };
		CE302E84280148F500A6B216 /* ViewController.swift in Sources */ = {isa = PBXBuildFile; fileRef = CE302E83280148F500A6B216 /* ViewController.swift */; };
		CE302E87280148F500A6B216 /* Main.storyboard in Resources */ = {isa = PBXBuildFile; fileRef = CE302E85280148F500A6B216 /* Main.storyboard */; };
		CE302E89280148F500A6B216 /* Assets.xcassets in Resources */ = {isa = PBXBuildFile; fileRef = CE302E88280148F500A6B216 /* Assets.xcassets */; };
		CE302E8C280148F500A6B216 /* LaunchScreen.storyboard in Resources */ = {isa = PBXBuildFile; fileRef = CE302E8A280148F500A6B216 /* LaunchScreen.storyboard */; };
		CE302E9628015D5B00A6B216 /* TabBarExample.storyboard in Resources */ = {isa = PBXBuildFile; fileRef = CE302E9528015D5B00A6B216 /* TabBarExample.storyboard */; };
		CE302E98280161B600A6B216 /* FirstTab.storyboard in Resources */ = {isa = PBXBuildFile; fileRef = CE302E97280161B600A6B216 /* FirstTab.storyboard */; };
		CE302E9A280161BC00A6B216 /* SecondTab.storyboard in Resources */ = {isa = PBXBuildFile; fileRef = CE302E99280161BC00A6B216 /* SecondTab.storyboard */; };
		CE302E9D2801656B00A6B216 /* CustomTabBar.storyboard in Resources */ = {isa = PBXBuildFile; fileRef = CE302E9C2801656B00A6B216 /* CustomTabBar.storyboard */; };
		CE302E9F2801661F00A6B216 /* CustomTabBarController.swift in Sources */ = {isa = PBXBuildFile; fileRef = CE302E9E2801661F00A6B216 /* CustomTabBarController.swift */; };
		CE302EA12801663F00A6B216 /* FirstViewController.swift in Sources */ = {isa = PBXBuildFile; fileRef = CE302EA02801663F00A6B216 /* FirstViewController.swift */; };
		CE302EA32801664500A6B216 /* SecondViewController.swift in Sources */ = {isa = PBXBuildFile; fileRef = CE302EA22801664500A6B216 /* SecondViewController.swift */; };
		CE302EA6280173AE00A6B216 /* AutoLayoutDemo.storyboard in Resources */ = {isa = PBXBuildFile; fileRef = CE302EA5280173AE00A6B216 /* AutoLayoutDemo.storyboard */; };
		CE302EA8280177C300A6B216 /* AutoLayoutPractice.storyboard in Resources */ = {isa = PBXBuildFile; fileRef = CE302EA7280177C300A6B216 /* AutoLayoutPractice.storyboard */; };
		CE302EAA28017C5600A6B216 /* StackView.storyboard in Resources */ = {isa = PBXBuildFile; fileRef = CE302EA928017C5600A6B216 /* StackView.storyboard */; };
/* End PBXBuildFile section */

/* Begin PBXFileReference section */
		CE302E7C280148F500A6B216 /* Sopt_2.app */ = {isa = PBXFileReference; explicitFileType = wrapper.application; includeInIndex = 0; path = Sopt_2.app; sourceTree = BUILT_PRODUCTS_DIR; };
		CE302E7F280148F500A6B216 /* AppDelegate.swift */ = {isa = PBXFileReference; lastKnownFileType = sourcecode.swift; path = AppDelegate.swift; sourceTree = "<group>"; };
		CE302E81280148F500A6B216 /* SceneDelegate.swift */ = {isa = PBXFileReference; lastKnownFileType = sourcecode.swift; path = SceneDelegate.swift; sourceTree = "<group>"; };
		CE302E83280148F500A6B216 /* ViewController.swift */ = {isa = PBXFileReference; lastKnownFileType = sourcecode.swift; path = ViewController.swift; sourceTree = "<group>"; };
		CE302E86280148F500A6B216 /* Base */ = {isa = PBXFileReference; lastKnownFileType = file.storyboard; name = Base; path = Base.lproj/Main.storyboard; sourceTree = "<group>"; };
		CE302E88280148F500A6B216 /* Assets.xcassets */ = {isa = PBXFileReference; lastKnownFileType = folder.assetcatalog; path = Assets.xcassets; sourceTree = "<group>"; };
		CE302E8B280148F500A6B216 /* Base */ = {isa = PBXFileReference; lastKnownFileType = file.storyboard; name = Base; path = Base.lproj/LaunchScreen.storyboard; sourceTree = "<group>"; };
		CE302E8D280148F500A6B216 /* Info.plist */ = {isa = PBXFileReference; lastKnownFileType = text.plist.xml; path = Info.plist; sourceTree = "<group>"; };
		CE302E9528015D5B00A6B216 /* TabBarExample.storyboard */ = {isa = PBXFileReference; lastKnownFileType = file.storyboard; path = TabBarExample.storyboard; sourceTree = "<group>"; };
		CE302E97280161B600A6B216 /* FirstTab.storyboard */ = {isa = PBXFileReference; lastKnownFileType = file.storyboard; path = FirstTab.storyboard; sourceTree = "<group>"; };
		CE302E99280161BC00A6B216 /* SecondTab.storyboard */ = {isa = PBXFileReference; lastKnownFileType = file.storyboard; path = SecondTab.storyboard; sourceTree = "<group>"; };
		CE302E9C2801656B00A6B216 /* CustomTabBar.storyboard */ = {isa = PBXFileReference; lastKnownFileType = file.storyboard; path = CustomTabBar.storyboard; sourceTree = "<group>"; };
		CE302E9E2801661F00A6B216 /* CustomTabBarController.swift */ = {isa = PBXFileReference; lastKnownFileType = sourcecode.swift; path = CustomTabBarController.swift; sourceTree = "<group>"; };
		CE302EA02801663F00A6B216 /* FirstViewController.swift */ = {isa = PBXFileReference; lastKnownFileType = sourcecode.swift; path = FirstViewController.swift; sourceTree = "<group>"; };
		CE302EA22801664500A6B216 /* SecondViewController.swift */ = {isa = PBXFileReference; lastKnownFileType = sourcecode.swift; path = SecondViewController.swift; sourceTree = "<group>"; };
		CE302EA5280173AE00A6B216 /* AutoLayoutDemo.storyboard */ = {isa = PBXFileReference; lastKnownFileType = file.storyboard; path = AutoLayoutDemo.storyboard; sourceTree = "<group>"; };
		CE302EA7280177C300A6B216 /* AutoLayoutPractice.storyboard */ = {isa = PBXFileReference; lastKnownFileType = file.storyboard; path = AutoLayoutPractice.storyboard; sourceTree = "<group>"; };
		CE302EA928017C5600A6B216 /* StackView.storyboard */ = {isa = PBXFileReference; lastKnownFileType = file.storyboard; path = StackView.storyboard; sourceTree = "<group>"; };
/* End PBXFileReference section */

/* Begin PBXFrameworksBuildPhase section */
		CE302E79280148F500A6B216 /* Frameworks */ = {
			isa = PBXFrameworksBuildPhase;
			buildActionMask = 2147483647;
			files = (
			);
			runOnlyForDeploymentPostprocessing = 0;
		};
/* End PBXFrameworksBuildPhase section */

/* Begin PBXGroup section */
		CE302E73280148F500A6B216 = {
			isa = PBXGroup;
			children = (
				CE302E7E280148F500A6B216 /* Sopt_2 */,
				CE302E7D280148F500A6B216 /* Products */,
			);
			sourceTree = "<group>";
		};
		CE302E7D280148F500A6B216 /* Products */ = {
			isa = PBXGroup;
			children = (
				CE302E7C280148F500A6B216 /* Sopt_2.app */,
			);
			name = Products;
			sourceTree = "<group>";
		};
		CE302E7E280148F500A6B216 /* Sopt_2 */ = {
			isa = PBXGroup;
			children = (
				CE302EA4280173A200A6B216 /* AutoLayout */,
				CE302E9B2801655800A6B216 /* TabBarWithCode */,
				CE302E9428015D3900A6B216 /* TabBar */,
				CE302E93280152EB00A6B216 /* View Hierarchy */,
				CE302E7F280148F500A6B216 /* AppDelegate.swift */,
				CE302E81280148F500A6B216 /* SceneDelegate.swift */,
				CE302E83280148F500A6B216 /* ViewController.swift */,
				CE302E88280148F500A6B216 /* Assets.xcassets */,
				CE302E8A280148F500A6B216 /* LaunchScreen.storyboard */,
				CE302E8D280148F500A6B216 /* Info.plist */,
			);
			path = Sopt_2;
			sourceTree = "<group>";
		};
		CE302E93280152EB00A6B216 /* View Hierarchy */ = {
			isa = PBXGroup;
			children = (
				CE302E85280148F500A6B216 /* Main.storyboard */,
			);
			path = "View Hierarchy";
			sourceTree = "<group>";
		};
		CE302E9428015D3900A6B216 /* TabBar */ = {
			isa = PBXGroup;
			children = (
				CE302E9528015D5B00A6B216 /* TabBarExample.storyboard */,
				CE302E97280161B600A6B216 /* FirstTab.storyboard */,
				CE302E99280161BC00A6B216 /* SecondTab.storyboard */,
			);
			path = TabBar;
			sourceTree = "<group>";
		};
		CE302E9B2801655800A6B216 /* TabBarWithCode */ = {
			isa = PBXGroup;
			children = (
				CE302E9C2801656B00A6B216 /* CustomTabBar.storyboard */,
				CE302E9E2801661F00A6B216 /* CustomTabBarController.swift */,
				CE302EA02801663F00A6B216 /* FirstViewController.swift */,
				CE302EA22801664500A6B216 /* SecondViewController.swift */,
			);
			path = TabBarWithCode;
			sourceTree = "<group>";
		};
		CE302EA4280173A200A6B216 /* AutoLayout */ = {
			isa = PBXGroup;
			children = (
				CE302EA5280173AE00A6B216 /* AutoLayoutDemo.storyboard */,
				CE302EA7280177C300A6B216 /* AutoLayoutPractice.storyboard */,
				CE302EA928017C5600A6B216 /* StackView.storyboard */,
			);
			path = AutoLayout;
			sourceTree = "<group>";
		};
/* End PBXGroup section */

/* Begin PBXNativeTarget section */
		CE302E7B280148F500A6B216 /* Sopt_2 */ = {
			isa = PBXNativeTarget;
			buildConfigurationList = CE302E90280148F500A6B216 /* Build configuration list for PBXNativeTarget "Sopt_2" */;
			buildPhases = (
				CE302E78280148F500A6B216 /* Sources */,
				CE302E79280148F500A6B216 /* Frameworks */,
				CE302E7A280148F500A6B216 /* Resources */,
			);
			buildRules = (
			);
			dependencies = (
			);
			name = Sopt_2;
			productName = Sopt_2;
			productReference = CE302E7C280148F500A6B216 /* Sopt_2.app */;
			productType = "com.apple.product-type.application";
		};
/* End PBXNativeTarget section */

/* Begin PBXProject section */
		CE302E74280148F500A6B216 /* Project object */ = {
			isa = PBXProject;
			attributes = {
				BuildIndependentTargetsInParallel = 1;
				LastSwiftUpdateCheck = 1330;
				LastUpgradeCheck = 1330;
				TargetAttributes = {
					CE302E7B280148F500A6B216 = {
						CreatedOnToolsVersion = 13.3;
					};
				};
			};
			buildConfigurationList = CE302E77280148F500A6B216 /* Build configuration list for PBXProject "Sopt_2" */;
			compatibilityVersion = "Xcode 13.0";
			developmentRegion = en;
			hasScannedForEncodings = 0;
			knownRegions = (
				en,
				Base,
			);
			mainGroup = CE302E73280148F500A6B216;
			productRefGroup = CE302E7D280148F500A6B216 /* Products */;
			projectDirPath = "";
			projectRoot = "";
			targets = (
				CE302E7B280148F500A6B216 /* Sopt_2 */,
			);
		};
/* End PBXProject section */

/* Begin PBXResourcesBuildPhase section */
		CE302E7A280148F500A6B216 /* Resources */ = {
			isa = PBXResourcesBuildPhase;
			buildActionMask = 2147483647;
			files = (
				CE302E8C280148F500A6B216 /* LaunchScreen.storyboard in Resources */,
				CE302E98280161B600A6B216 /* FirstTab.storyboard in Resources */,
				CE302EAA28017C5600A6B216 /* StackView.storyboard in Resources */,
				CE302E89280148F500A6B216 /* Assets.xcassets in Resources */,
				CE302E9D2801656B00A6B216 /* CustomTabBar.storyboard in Resources */,
				CE302EA6280173AE00A6B216 /* AutoLayoutDemo.storyboard in Resources */,
				CE302E87280148F500A6B216 /* Main.storyboard in Resources */,
				CE302E9A280161BC00A6B216 /* SecondTab.storyboard in Resources */,
				CE302E9628015D5B00A6B216 /* TabBarExample.storyboard in Resources */,
				CE302EA8280177C300A6B216 /* AutoLayoutPractice.storyboard in Resources */,
			);
			runOnlyForDeploymentPostprocessing = 0;
		};
/* End PBXResourcesBuildPhase section */

/* Begin PBXSourcesBuildPhase section */
		CE302E78280148F500A6B216 /* Sources */ = {
			isa = PBXSourcesBuildPhase;
			buildActionMask = 2147483647;
			files = (
				CE302EA32801664500A6B216 /* SecondViewController.swift in Sources */,
				CE302EA12801663F00A6B216 /* FirstViewController.swift in Sources */,
				CE302E84280148F500A6B216 /* ViewController.swift in Sources */,
				CE302E80280148F500A6B216 /* AppDelegate.swift in Sources */,
				CE302E9F2801661F00A6B216 /* CustomTabBarController.swift in Sources */,
				CE302E82280148F500A6B216 /* SceneDelegate.swift in Sources */,
			);
			runOnlyForDeploymentPostprocessing = 0;
		};
/* End PBXSourcesBuildPhase section */

/* Begin PBXVariantGroup section */
		CE302E85280148F500A6B216 /* Main.storyboard */ = {
			isa = PBXVariantGroup;
			children = (
				CE302E86280148F500A6B216 /* Base */,
			);
			name = Main.storyboard;
			sourceTree = "<group>";
		};
		CE302E8A280148F500A6B216 /* LaunchScreen.storyboard */ = {
			isa = PBXVariantGroup;
			children = (
				CE302E8B280148F500A6B216 /* Base */,
			);
			name = LaunchScreen.storyboard;
			sourceTree = "<group>";
		};
/* End PBXVariantGroup section */

/* Begin XCBuildConfiguration section */
		CE302E8E280148F500A6B216 /* Debug */ = {
			isa = XCBuildConfiguration;
			buildSettings = {
				ALWAYS_SEARCH_USER_PATHS = NO;
				CLANG_ANALYZER_NONNULL = YES;
				CLANG_ANALYZER_NUMBER_OBJECT_CONVERSION = YES_AGGRESSIVE;
				CLANG_CXX_LANGUAGE_STANDARD = "gnu++17";
				CLANG_ENABLE_MODULES = YES;
				CLANG_ENABLE_OBJC_ARC = YES;
				CLANG_ENABLE_OBJC_WEAK = YES;
				CLANG_WARN_BLOCK_CAPTURE_AUTORELEASING = YES;
				CLANG_WARN_BOOL_CONVERSION = YES;
				CLANG_WARN_COMMA = YES;
				CLANG_WARN_CONSTANT_CONVERSION = YES;
				CLANG_WARN_DEPRECATED_OBJC_IMPLEMENTATIONS = YES;
				CLANG_WARN_DIRECT_OBJC_ISA_USAGE = YES_ERROR;
				CLANG_WARN_DOCUMENTATION_COMMENTS = YES;
				CLANG_WARN_EMPTY_BODY = YES;
				CLANG_WARN_ENUM_CONVERSION = YES;
				CLANG_WARN_INFINITE_RECURSION = YES;
				CLANG_WARN_INT_CONVERSION = YES;
				CLANG_WARN_NON_LITERAL_NULL_CONVERSION = YES;
				CLANG_WARN_OBJC_IMPLICIT_RETAIN_SELF = YES;
				CLANG_WARN_OBJC_LITERAL_CONVERSION = YES;
				CLANG_WARN_OBJC_ROOT_CLASS = YES_ERROR;
				CLANG_WARN_QUOTED_INCLUDE_IN_FRAMEWORK_HEADER = YES;
				CLANG_WARN_RANGE_LOOP_ANALYSIS = YES;
				CLANG_WARN_STRICT_PROTOTYPES = YES;
				CLANG_WARN_SUSPICIOUS_MOVE = YES;
				CLANG_WARN_UNGUARDED_AVAILABILITY = YES_AGGRESSIVE;
				CLANG_WARN_UNREACHABLE_CODE = YES;
				CLANG_WARN__DUPLICATE_METHOD_MATCH = YES;
				COPY_PHASE_STRIP = NO;
				DEBUG_INFORMATION_FORMAT = dwarf;
				ENABLE_STRICT_OBJC_MSGSEND = YES;
				ENABLE_TESTABILITY = YES;
				GCC_C_LANGUAGE_STANDARD = gnu11;
				GCC_DYNAMIC_NO_PIC = NO;
				GCC_NO_COMMON_BLOCKS = YES;
				GCC_OPTIMIZATION_LEVEL = 0;
				GCC_PREPROCESSOR_DEFINITIONS = (
					"DEBUG=1",
					"$(inherited)",
				);
				GCC_WARN_64_TO_32_BIT_CONVERSION = YES;
				GCC_WARN_ABOUT_RETURN_TYPE = YES_ERROR;
				GCC_WARN_UNDECLARED_SELECTOR = YES;
				GCC_WARN_UNINITIALIZED_AUTOS = YES_AGGRESSIVE;
				GCC_WARN_UNUSED_FUNCTION = YES;
				GCC_WARN_UNUSED_VARIABLE = YES;
				IPHONEOS_DEPLOYMENT_TARGET = 15.4;
				MTL_ENABLE_DEBUG_INFO = INCLUDE_SOURCE;
				MTL_FAST_MATH = YES;
				ONLY_ACTIVE_ARCH = YES;
				SDKROOT = iphoneos;
				SWIFT_ACTIVE_COMPILATION_CONDITIONS = DEBUG;
				SWIFT_OPTIMIZATION_LEVEL = "-Onone";
			};
			name = Debug;
		};
		CE302E8F280148F500A6B216 /* Release */ = {
			isa = XCBuildConfiguration;
			buildSettings = {
				ALWAYS_SEARCH_USER_PATHS = NO;
				CLANG_ANALYZER_NONNULL = YES;
				CLANG_ANALYZER_NUMBER_OBJECT_CONVERSION = YES_AGGRESSIVE;
				CLANG_CXX_LANGUAGE_STANDARD = "gnu++17";
				CLANG_ENABLE_MODULES = YES;
				CLANG_ENABLE_OBJC_ARC = YES;
				CLANG_ENABLE_OBJC_WEAK = YES;
				CLANG_WARN_BLOCK_CAPTURE_AUTORELEASING = YES;
				CLANG_WARN_BOOL_CONVERSION = YES;
				CLANG_WARN_COMMA = YES;
				CLANG_WARN_CONSTANT_CONVERSION = YES;
				CLANG_WARN_DEPRECATED_OBJC_IMPLEMENTATIONS = YES;
				CLANG_WARN_DIRECT_OBJC_ISA_USAGE = YES_ERROR;
				CLANG_WARN_DOCUMENTATION_COMMENTS = YES;
				CLANG_WARN_EMPTY_BODY = YES;
				CLANG_WARN_ENUM_CONVERSION = YES;
				CLANG_WARN_INFINITE_RECURSION = YES;
				CLANG_WARN_INT_CONVERSION = YES;
				CLANG_WARN_NON_LITERAL_NULL_CONVERSION = YES;
				CLANG_WARN_OBJC_IMPLICIT_RETAIN_SELF = YES;
				CLANG_WARN_OBJC_LITERAL_CONVERSION = YES;
				CLANG_WARN_OBJC_ROOT_CLASS = YES_ERROR;
				CLANG_WARN_QUOTED_INCLUDE_IN_FRAMEWORK_HEADER = YES;
				CLANG_WARN_RANGE_LOOP_ANALYSIS = YES;
				CLANG_WARN_STRICT_PROTOTYPES = YES;
				CLANG_WARN_SUSPICIOUS_MOVE = YES;
				CLANG_WARN_UNGUARDED_AVAILABILITY = YES_AGGRESSIVE;
				CLANG_WARN_UNREACHABLE_CODE = YES;
				CLANG_WARN__DUPLICATE_METHOD_MATCH = YES;
				COPY_PHASE_STRIP = NO;
				DEBUG_INFORMATION_FORMAT = "dwarf-with-dsym";
				ENABLE_NS_ASSERTIONS = NO;
				ENABLE_STRICT_OBJC_MSGSEND = YES;
				GCC_C_LANGUAGE_STANDARD = gnu11;
				GCC_NO_COMMON_BLOCKS = YES;
				GCC_WARN_64_TO_32_BIT_CONVERSION = YES;
				GCC_WARN_ABOUT_RETURN_TYPE = YES_ERROR;
				GCC_WARN_UNDECLARED_SELECTOR = YES;
				GCC_WARN_UNINITIALIZED_AUTOS = YES_AGGRESSIVE;
				GCC_WARN_UNUSED_FUNCTION = YES;
				GCC_WARN_UNUSED_VARIABLE = YES;
				IPHONEOS_DEPLOYMENT_TARGET = 15.4;
				MTL_ENABLE_DEBUG_INFO = NO;
				MTL_FAST_MATH = YES;
				SDKROOT = iphoneos;
				SWIFT_COMPILATION_MODE = wholemodule;
				SWIFT_OPTIMIZATION_LEVEL = "-O";
				VALIDATE_PRODUCT = YES;
			};
			name = Release;
		};
		CE302E91280148F500A6B216 /* Debug */ = {
			isa = XCBuildConfiguration;
			buildSettings = {
				ASSETCATALOG_COMPILER_APPICON_NAME = AppIcon;
				ASSETCATALOG_COMPILER_GLOBAL_ACCENT_COLOR_NAME = AccentColor;
				CODE_SIGN_STYLE = Automatic;
				CURRENT_PROJECT_VERSION = 1;
				DEVELOPMENT_TEAM = 9K86FQHDLU;
				GENERATE_INFOPLIST_FILE = YES;
				INFOPLIST_FILE = Sopt_2/Info.plist;
				INFOPLIST_KEY_UIApplicationSupportsIndirectInputEvents = YES;
				INFOPLIST_KEY_UILaunchStoryboardName = LaunchScreen;
				INFOPLIST_KEY_UIMainStoryboardFile = Main;
				INFOPLIST_KEY_UISupportedInterfaceOrientations_iPad = "UIInterfaceOrientationPortrait UIInterfaceOrientationPortraitUpsideDown UIInterfaceOrientationLandscapeLeft UIInterfaceOrientationLandscapeRight";
				INFOPLIST_KEY_UISupportedInterfaceOrientations_iPhone = "UIInterfaceOrientationPortrait UIInterfaceOrientationLandscapeLeft UIInterfaceOrientationLandscapeRight";
				LD_RUNPATH_SEARCH_PATHS = (
					"$(inherited)",
					"@executable_path/Frameworks",
				);
				MARKETING_VERSION = 1.0;
				PRODUCT_BUNDLE_IDENTIFIER = "com.sejin.Sopt-2";
				PRODUCT_NAME = "$(TARGET_NAME)";
				SWIFT_EMIT_LOC_STRINGS = YES;
				SWIFT_VERSION = 5.0;
				TARGETED_DEVICE_FAMILY = "1,2";
			};
			name = Debug;
		};
		CE302E92280148F500A6B216 /* Release */ = {
			isa = XCBuildConfiguration;
			buildSettings = {
				ASSETCATALOG_COMPILER_APPICON_NAME = AppIcon;
				ASSETCATALOG_COMPILER_GLOBAL_ACCENT_COLOR_NAME = AccentColor;
				CODE_SIGN_STYLE = Automatic;
				CURRENT_PROJECT_VERSION = 1;
				DEVELOPMENT_TEAM = 9K86FQHDLU;
				GENERATE_INFOPLIST_FILE = YES;
				INFOPLIST_FILE = Sopt_2/Info.plist;
				INFOPLIST_KEY_UIApplicationSupportsIndirectInputEvents = YES;
				INFOPLIST_KEY_UILaunchStoryboardName = LaunchScreen;
				INFOPLIST_KEY_UIMainStoryboardFile = Main;
				INFOPLIST_KEY_UISupportedInterfaceOrientations_iPad = "UIInterfaceOrientationPortrait UIInterfaceOrientationPortraitUpsideDown UIInterfaceOrientationLandscapeLeft UIInterfaceOrientationLandscapeRight";
				INFOPLIST_KEY_UISupportedInterfaceOrientations_iPhone = "UIInterfaceOrientationPortrait UIInterfaceOrientationLandscapeLeft UIInterfaceOrientationLandscapeRight";
				LD_RUNPATH_SEARCH_PATHS = (
					"$(inherited)",
					"@executable_path/Frameworks",
				);
				MARKETING_VERSION = 1.0;
				PRODUCT_BUNDLE_IDENTIFIER = "com.sejin.Sopt-2";
				PRODUCT_NAME = "$(TARGET_NAME)";
				SWIFT_EMIT_LOC_STRINGS = YES;
				SWIFT_VERSION = 5.0;
				TARGETED_DEVICE_FAMILY = "1,2";
			};
			name = Release;
		};
/* End XCBuildConfiguration section */

/* Begin XCConfigurationList section */
		CE302E77280148F500A6B216 /* Build configuration list for PBXProject "Sopt_2" */ = {
			isa = XCConfigurationList;
			buildConfigurations = (
				CE302E8E280148F500A6B216 /* Debug */,
				CE302E8F280148F500A6B216 /* Release */,
			);
			defaultConfigurationIsVisible = 0;
			defaultConfigurationName = Release;
		};
		CE302E90280148F500A6B216 /* Build configuration list for PBXNativeTarget "Sopt_2" */ = {
			isa = XCConfigurationList;
			buildConfigurations = (
				CE302E91280148F500A6B216 /* Debug */,
				CE302E92280148F500A6B216 /* Release */,
			);
			defaultConfigurationIsVisible = 0;
			defaultConfigurationName = Release;
		};
/* End XCConfigurationList section */
	};
	rootObject = CE302E74280148F500A6B216 /* Project object */;
}
