// !$*UTF8*$!
{
	archiveVersion = 1;
	classes = {
	};
	objectVersion = 55;
	objects = {

/* Begin PBXBuildFile section */
		029B310D1842D39BE5F413E2 /* Pods_Instagram.framework in Frameworks */ = {isa = PBXBuildFile; fileRef = 3F6666F7C8DFA32B5C0A5401 /* Pods_Instagram.framework */; };
		CE3C184F282C0D4F00339F8F /* APIConstants.swift in Sources */ = {isa = PBXBuildFile; fileRef = CE3C184E282C0D4F00339F8F /* APIConstants.swift */; };
		CE3C1851282C0DA900339F8F /* NetworkResult.swift in Sources */ = {isa = PBXBuildFile; fileRef = CE3C1850282C0DA900339F8F /* NetworkResult.swift */; };
		CE3C1854282C0E9500339F8F /* UserService.swift in Sources */ = {isa = PBXBuildFile; fileRef = CE3C1853282C0E9500339F8F /* UserService.swift */; };
		CE3C1857282C121D00339F8F /* LoginModel.swift in Sources */ = {isa = PBXBuildFile; fileRef = CE3C1856282C121D00339F8F /* LoginModel.swift */; };
		CE3C1859282C22B200339F8F /* SignUpModel.swift in Sources */ = {isa = PBXBuildFile; fileRef = CE3C1858282C22B200339F8F /* SignUpModel.swift */; };
		CE3CE853281AE74B0039AC64 /* NSObject++.swift in Sources */ = {isa = PBXBuildFile; fileRef = CE3CE852281AE74B0039AC64 /* NSObject++.swift */; };
		CE6BFAAA280731F100D97035 /* TabBarController.swift in Sources */ = {isa = PBXBuildFile; fileRef = CE6BFAA9280731F100D97035 /* TabBarController.swift */; };
		CE829F312806EC3000B32953 /* MainViewController.swift in Sources */ = {isa = PBXBuildFile; fileRef = CE829F302806EC3000B32953 /* MainViewController.swift */; };
		CE96576E27FDD1C9006677CE /* NameRegistrationController.swift in Sources */ = {isa = PBXBuildFile; fileRef = CE96576D27FDD1C9006677CE /* NameRegistrationController.swift */; };
		CE96577027FDD876006677CE /* PasswordRegistrationController.swift in Sources */ = {isa = PBXBuildFile; fileRef = CE96576F27FDD876006677CE /* PasswordRegistrationController.swift */; };
		CE99D5A928056A6900631200 /* UITextField++.swift in Sources */ = {isa = PBXBuildFile; fileRef = CE99D5A828056A6900631200 /* UITextField++.swift */; };
		CE99D5AB28056AC800631200 /* Const.swift in Sources */ = {isa = PBXBuildFile; fileRef = CE99D5AA28056AC800631200 /* Const.swift */; };
		CE99D5AE28056D1700631200 /* Image.swift in Sources */ = {isa = PBXBuildFile; fileRef = CE99D5AD28056D1700631200 /* Image.swift */; };
		CE99D5B028056DBA00631200 /* Storyboard.swift in Sources */ = {isa = PBXBuildFile; fileRef = CE99D5AF28056DBA00631200 /* Storyboard.swift */; };
		CE99D5B32805709000631200 /* Registration.storyboard in Resources */ = {isa = PBXBuildFile; fileRef = CE99D5B22805709000631200 /* Registration.storyboard */; };
		CE99D5B82805755300631200 /* Main.storyboard in Resources */ = {isa = PBXBuildFile; fileRef = CE99D5B72805755300631200 /* Main.storyboard */; };
		CE99D5BB28059F1900631200 /* Color.swift in Sources */ = {isa = PBXBuildFile; fileRef = CE99D5BA28059F1900631200 /* Color.swift */; };
		CEBD5FBB27FDCB8200B7CF89 /* LoginConfirmController.swift in Sources */ = {isa = PBXBuildFile; fileRef = CEBD5FBA27FDCB8200B7CF89 /* LoginConfirmController.swift */; };
		CEC5B52328269E8E00B26D5A /* FeedImageCollectionViewCell.swift in Sources */ = {isa = PBXBuildFile; fileRef = CEC5B52128269E8E00B26D5A /* FeedImageCollectionViewCell.swift */; };
		CEC5B52428269E8E00B26D5A /* FeedImageCollectionViewCell.xib in Resources */ = {isa = PBXBuildFile; fileRef = CEC5B52228269E8E00B26D5A /* FeedImageCollectionViewCell.xib */; };
		CEC690DE280724A80085BC7D /* HomeTab.storyboard in Resources */ = {isa = PBXBuildFile; fileRef = CEC690DD280724A80085BC7D /* HomeTab.storyboard */; };
		CEC690E0280724E20085BC7D /* SearchTab.storyboard in Resources */ = {isa = PBXBuildFile; fileRef = CEC690DF280724E20085BC7D /* SearchTab.storyboard */; };
		CEC690E2280726B20085BC7D /* ReelsTab.storyboard in Resources */ = {isa = PBXBuildFile; fileRef = CEC690E1280726B20085BC7D /* ReelsTab.storyboard */; };
		CEC690E4280726D30085BC7D /* ShopTab.storyboard in Resources */ = {isa = PBXBuildFile; fileRef = CEC690E3280726D30085BC7D /* ShopTab.storyboard */; };
		CEC690E6280726E40085BC7D /* ProfileTab.storyboard in Resources */ = {isa = PBXBuildFile; fileRef = CEC690E5280726E40085BC7D /* ProfileTab.storyboard */; };
		CEC690EA28072B2E0085BC7D /* HomeTabController.swift in Sources */ = {isa = PBXBuildFile; fileRef = CEC690E928072B2E0085BC7D /* HomeTabController.swift */; };
		CEC690EC28072B3A0085BC7D /* SearchTabController.swift in Sources */ = {isa = PBXBuildFile; fileRef = CEC690EB28072B3A0085BC7D /* SearchTabController.swift */; };
		CEC690EE28072B4B0085BC7D /* ReelsTabController.swift in Sources */ = {isa = PBXBuildFile; fileRef = CEC690ED28072B4B0085BC7D /* ReelsTabController.swift */; };
		CEC690F028072B640085BC7D /* ShopTabController.swift in Sources */ = {isa = PBXBuildFile; fileRef = CEC690EF28072B640085BC7D /* ShopTabController.swift */; };
		CEC690F228072B750085BC7D /* ProfileTabController.swift in Sources */ = {isa = PBXBuildFile; fileRef = CEC690F128072B750085BC7D /* ProfileTabController.swift */; };
		CECC5E8927FC9A8E00754F0E /* AppDelegate.swift in Sources */ = {isa = PBXBuildFile; fileRef = CECC5E8827FC9A8E00754F0E /* AppDelegate.swift */; };
		CECC5E8B27FC9A8E00754F0E /* SceneDelegate.swift in Sources */ = {isa = PBXBuildFile; fileRef = CECC5E8A27FC9A8E00754F0E /* SceneDelegate.swift */; };
		CECC5E8D27FC9A8E00754F0E /* LoginViewController.swift in Sources */ = {isa = PBXBuildFile; fileRef = CECC5E8C27FC9A8E00754F0E /* LoginViewController.swift */; };
		CECC5E9027FC9A8E00754F0E /* Login.storyboard in Resources */ = {isa = PBXBuildFile; fileRef = CECC5E8E27FC9A8E00754F0E /* Login.storyboard */; };
		CECC5E9227FC9A8E00754F0E /* Assets.xcassets in Resources */ = {isa = PBXBuildFile; fileRef = CECC5E9127FC9A8E00754F0E /* Assets.xcassets */; };
		CECC5E9527FC9A8E00754F0E /* LaunchScreen.storyboard in Resources */ = {isa = PBXBuildFile; fileRef = CECC5E9327FC9A8E00754F0E /* LaunchScreen.storyboard */; };
		CEFC62B8281E652500E24E5A /* UIViewController++.swift in Sources */ = {isa = PBXBuildFile; fileRef = CEFC62B7281E652500E24E5A /* UIViewController++.swift */; };
		CEFC62C1281E6F2C00E24E5A /* FeedTableViewCell.swift in Sources */ = {isa = PBXBuildFile; fileRef = CEFC62BF281E6F2C00E24E5A /* FeedTableViewCell.swift */; };
		CEFC62C2281E6F2C00E24E5A /* FeedTableViewCell.xib in Resources */ = {isa = PBXBuildFile; fileRef = CEFC62C0281E6F2C00E24E5A /* FeedTableViewCell.xib */; };
		CEFC62C7281E6FFF00E24E5A /* StoryTableViewCell.swift in Sources */ = {isa = PBXBuildFile; fileRef = CEFC62C5281E6FFF00E24E5A /* StoryTableViewCell.swift */; };
		CEFC62C8281E6FFF00E24E5A /* StoryTableViewCell.xib in Resources */ = {isa = PBXBuildFile; fileRef = CEFC62C6281E6FFF00E24E5A /* StoryTableViewCell.xib */; };
		CEFC62CC281E7F6C00E24E5A /* StoryCollectionViewCell.swift in Sources */ = {isa = PBXBuildFile; fileRef = CEFC62CA281E7F6C00E24E5A /* StoryCollectionViewCell.swift */; };
		CEFC62CD281E7F6C00E24E5A /* StoryCollectionViewCell.xib in Resources */ = {isa = PBXBuildFile; fileRef = CEFC62CB281E7F6C00E24E5A /* StoryCollectionViewCell.xib */; };
		CEFC62D0281E81E500E24E5A /* StoryDataModel.swift in Sources */ = {isa = PBXBuildFile; fileRef = CEFC62CF281E81E500E24E5A /* StoryDataModel.swift */; };
		CEFC62D2281E81EB00E24E5A /* FeedDataModel.swift in Sources */ = {isa = PBXBuildFile; fileRef = CEFC62D1281E81EB00E24E5A /* FeedDataModel.swift */; };
		CEFE640227FCA42F00395565 /* UIButton++.swift in Sources */ = {isa = PBXBuildFile; fileRef = CEFE640127FCA42F00395565 /* UIButton++.swift */; };
/* End PBXBuildFile section */

/* Begin PBXFileReference section */
		0793660EB0B7439CE828914D /* Pods-Instagram.debug.xcconfig */ = {isa = PBXFileReference; includeInIndex = 1; lastKnownFileType = text.xcconfig; name = "Pods-Instagram.debug.xcconfig"; path = "Target Support Files/Pods-Instagram/Pods-Instagram.debug.xcconfig"; sourceTree = "<group>"; };
		3F6666F7C8DFA32B5C0A5401 /* Pods_Instagram.framework */ = {isa = PBXFileReference; explicitFileType = wrapper.framework; includeInIndex = 0; path = Pods_Instagram.framework; sourceTree = BUILT_PRODUCTS_DIR; };
		B397F09D4CB666FC8855E6ED /* Pods-Instagram.release.xcconfig */ = {isa = PBXFileReference; includeInIndex = 1; lastKnownFileType = text.xcconfig; name = "Pods-Instagram.release.xcconfig"; path = "Target Support Files/Pods-Instagram/Pods-Instagram.release.xcconfig"; sourceTree = "<group>"; };
		CE3C184E282C0D4F00339F8F /* APIConstants.swift */ = {isa = PBXFileReference; lastKnownFileType = sourcecode.swift; path = APIConstants.swift; sourceTree = "<group>"; };
		CE3C1850282C0DA900339F8F /* NetworkResult.swift */ = {isa = PBXFileReference; lastKnownFileType = sourcecode.swift; path = NetworkResult.swift; sourceTree = "<group>"; };
		CE3C1853282C0E9500339F8F /* UserService.swift */ = {isa = PBXFileReference; lastKnownFileType = sourcecode.swift; path = UserService.swift; sourceTree = "<group>"; };
		CE3C1856282C121D00339F8F /* LoginModel.swift */ = {isa = PBXFileReference; lastKnownFileType = sourcecode.swift; path = LoginModel.swift; sourceTree = "<group>"; };
		CE3C1858282C22B200339F8F /* SignUpModel.swift */ = {isa = PBXFileReference; lastKnownFileType = sourcecode.swift; path = SignUpModel.swift; sourceTree = "<group>"; };
		CE3CE852281AE74B0039AC64 /* NSObject++.swift */ = {isa = PBXFileReference; lastKnownFileType = sourcecode.swift; path = "NSObject++.swift"; sourceTree = "<group>"; };
		CE6BFAA9280731F100D97035 /* TabBarController.swift */ = {isa = PBXFileReference; lastKnownFileType = sourcecode.swift; path = TabBarController.swift; sourceTree = "<group>"; };
		CE829F302806EC3000B32953 /* MainViewController.swift */ = {isa = PBXFileReference; lastKnownFileType = sourcecode.swift; path = MainViewController.swift; sourceTree = "<group>"; };
		CE96576D27FDD1C9006677CE /* NameRegistrationController.swift */ = {isa = PBXFileReference; lastKnownFileType = sourcecode.swift; path = NameRegistrationController.swift; sourceTree = "<group>"; };
		CE96576F27FDD876006677CE /* PasswordRegistrationController.swift */ = {isa = PBXFileReference; lastKnownFileType = sourcecode.swift; path = PasswordRegistrationController.swift; sourceTree = "<group>"; };
		CE99D5A828056A6900631200 /* UITextField++.swift */ = {isa = PBXFileReference; lastKnownFileType = sourcecode.swift; path = "UITextField++.swift"; sourceTree = "<group>"; };
		CE99D5AA28056AC800631200 /* Const.swift */ = {isa = PBXFileReference; lastKnownFileType = sourcecode.swift; path = Const.swift; sourceTree = "<group>"; };
		CE99D5AD28056D1700631200 /* Image.swift */ = {isa = PBXFileReference; lastKnownFileType = sourcecode.swift; path = Image.swift; sourceTree = "<group>"; };
		CE99D5AF28056DBA00631200 /* Storyboard.swift */ = {isa = PBXFileReference; lastKnownFileType = sourcecode.swift; path = Storyboard.swift; sourceTree = "<group>"; };
		CE99D5B22805709000631200 /* Registration.storyboard */ = {isa = PBXFileReference; lastKnownFileType = file.storyboard; path = Registration.storyboard; sourceTree = "<group>"; };
		CE99D5B72805755300631200 /* Main.storyboard */ = {isa = PBXFileReference; lastKnownFileType = file.storyboard; path = Main.storyboard; sourceTree = "<group>"; };
		CE99D5BA28059F1900631200 /* Color.swift */ = {isa = PBXFileReference; lastKnownFileType = sourcecode.swift; path = Color.swift; sourceTree = "<group>"; };
		CEBD5FBA27FDCB8200B7CF89 /* LoginConfirmController.swift */ = {isa = PBXFileReference; lastKnownFileType = sourcecode.swift; path = LoginConfirmController.swift; sourceTree = "<group>"; };
		CEC5B52128269E8E00B26D5A /* FeedImageCollectionViewCell.swift */ = {isa = PBXFileReference; lastKnownFileType = sourcecode.swift; path = FeedImageCollectionViewCell.swift; sourceTree = "<group>"; };
		CEC5B52228269E8E00B26D5A /* FeedImageCollectionViewCell.xib */ = {isa = PBXFileReference; lastKnownFileType = file.xib; path = FeedImageCollectionViewCell.xib; sourceTree = "<group>"; };
		CEC690DD280724A80085BC7D /* HomeTab.storyboard */ = {isa = PBXFileReference; lastKnownFileType = file.storyboard; path = HomeTab.storyboard; sourceTree = "<group>"; };
		CEC690DF280724E20085BC7D /* SearchTab.storyboard */ = {isa = PBXFileReference; lastKnownFileType = file.storyboard; path = SearchTab.storyboard; sourceTree = "<group>"; };
		CEC690E1280726B20085BC7D /* ReelsTab.storyboard */ = {isa = PBXFileReference; lastKnownFileType = file.storyboard; path = ReelsTab.storyboard; sourceTree = "<group>"; };
		CEC690E3280726D30085BC7D /* ShopTab.storyboard */ = {isa = PBXFileReference; lastKnownFileType = file.storyboard; path = ShopTab.storyboard; sourceTree = "<group>"; };
		CEC690E5280726E40085BC7D /* ProfileTab.storyboard */ = {isa = PBXFileReference; lastKnownFileType = file.storyboard; path = ProfileTab.storyboard; sourceTree = "<group>"; };
		CEC690E928072B2E0085BC7D /* HomeTabController.swift */ = {isa = PBXFileReference; lastKnownFileType = sourcecode.swift; path = HomeTabController.swift; sourceTree = "<group>"; };
		CEC690EB28072B3A0085BC7D /* SearchTabController.swift */ = {isa = PBXFileReference; lastKnownFileType = sourcecode.swift; path = SearchTabController.swift; sourceTree = "<group>"; };
		CEC690ED28072B4B0085BC7D /* ReelsTabController.swift */ = {isa = PBXFileReference; lastKnownFileType = sourcecode.swift; path = ReelsTabController.swift; sourceTree = "<group>"; };
		CEC690EF28072B640085BC7D /* ShopTabController.swift */ = {isa = PBXFileReference; lastKnownFileType = sourcecode.swift; path = ShopTabController.swift; sourceTree = "<group>"; };
		CEC690F128072B750085BC7D /* ProfileTabController.swift */ = {isa = PBXFileReference; lastKnownFileType = sourcecode.swift; path = ProfileTabController.swift; sourceTree = "<group>"; };
		CECC5E8527FC9A8E00754F0E /* Instagram.app */ = {isa = PBXFileReference; explicitFileType = wrapper.application; includeInIndex = 0; path = Instagram.app; sourceTree = BUILT_PRODUCTS_DIR; };
		CECC5E8827FC9A8E00754F0E /* AppDelegate.swift */ = {isa = PBXFileReference; lastKnownFileType = sourcecode.swift; path = AppDelegate.swift; sourceTree = "<group>"; };
		CECC5E8A27FC9A8E00754F0E /* SceneDelegate.swift */ = {isa = PBXFileReference; lastKnownFileType = sourcecode.swift; path = SceneDelegate.swift; sourceTree = "<group>"; };
		CECC5E8C27FC9A8E00754F0E /* LoginViewController.swift */ = {isa = PBXFileReference; lastKnownFileType = sourcecode.swift; path = LoginViewController.swift; sourceTree = "<group>"; };
		CECC5E8F27FC9A8E00754F0E /* Base */ = {isa = PBXFileReference; lastKnownFileType = file.storyboard; name = Base; path = Base.lproj/Login.storyboard; sourceTree = "<group>"; };
		CECC5E9127FC9A8E00754F0E /* Assets.xcassets */ = {isa = PBXFileReference; lastKnownFileType = folder.assetcatalog; path = Assets.xcassets; sourceTree = "<group>"; };
		CECC5E9427FC9A8E00754F0E /* Base */ = {isa = PBXFileReference; lastKnownFileType = file.storyboard; name = Base; path = Base.lproj/LaunchScreen.storyboard; sourceTree = "<group>"; };
		CECC5E9627FC9A8E00754F0E /* Info.plist */ = {isa = PBXFileReference; lastKnownFileType = text.plist.xml; path = Info.plist; sourceTree = "<group>"; };
		CEFC62B7281E652500E24E5A /* UIViewController++.swift */ = {isa = PBXFileReference; lastKnownFileType = sourcecode.swift; path = "UIViewController++.swift"; sourceTree = "<group>"; };
		CEFC62BF281E6F2C00E24E5A /* FeedTableViewCell.swift */ = {isa = PBXFileReference; lastKnownFileType = sourcecode.swift; path = FeedTableViewCell.swift; sourceTree = "<group>"; };
		CEFC62C0281E6F2C00E24E5A /* FeedTableViewCell.xib */ = {isa = PBXFileReference; lastKnownFileType = file.xib; path = FeedTableViewCell.xib; sourceTree = "<group>"; };
		CEFC62C5281E6FFF00E24E5A /* StoryTableViewCell.swift */ = {isa = PBXFileReference; lastKnownFileType = sourcecode.swift; path = StoryTableViewCell.swift; sourceTree = "<group>"; };
		CEFC62C6281E6FFF00E24E5A /* StoryTableViewCell.xib */ = {isa = PBXFileReference; lastKnownFileType = file.xib; path = StoryTableViewCell.xib; sourceTree = "<group>"; };
		CEFC62CA281E7F6C00E24E5A /* StoryCollectionViewCell.swift */ = {isa = PBXFileReference; lastKnownFileType = sourcecode.swift; path = StoryCollectionViewCell.swift; sourceTree = "<group>"; };
		CEFC62CB281E7F6C00E24E5A /* StoryCollectionViewCell.xib */ = {isa = PBXFileReference; lastKnownFileType = file.xib; path = StoryCollectionViewCell.xib; sourceTree = "<group>"; };
		CEFC62CF281E81E500E24E5A /* StoryDataModel.swift */ = {isa = PBXFileReference; lastKnownFileType = sourcecode.swift; path = StoryDataModel.swift; sourceTree = "<group>"; };
		CEFC62D1281E81EB00E24E5A /* FeedDataModel.swift */ = {isa = PBXFileReference; lastKnownFileType = sourcecode.swift; path = FeedDataModel.swift; sourceTree = "<group>"; };
		CEFE640127FCA42F00395565 /* UIButton++.swift */ = {isa = PBXFileReference; lastKnownFileType = sourcecode.swift; path = "UIButton++.swift"; sourceTree = "<group>"; };
/* End PBXFileReference section */

/* Begin PBXFrameworksBuildPhase section */
		CECC5E8227FC9A8E00754F0E /* Frameworks */ = {
			isa = PBXFrameworksBuildPhase;
			buildActionMask = 2147483647;
			files = (
				029B310D1842D39BE5F413E2 /* Pods_Instagram.framework in Frameworks */,
			);
			runOnlyForDeploymentPostprocessing = 0;
		};
/* End PBXFrameworksBuildPhase section */

/* Begin PBXGroup section */
		534CCF90EBBE6FB7ADD661AD /* Frameworks */ = {
			isa = PBXGroup;
			children = (
				3F6666F7C8DFA32B5C0A5401 /* Pods_Instagram.framework */,
			);
			name = Frameworks;
			sourceTree = "<group>";
		};
		CE3C184D282C0D3600339F8F /* Network */ = {
			isa = PBXGroup;
			children = (
				CE3C184E282C0D4F00339F8F /* APIConstants.swift */,
				CE3C1850282C0DA900339F8F /* NetworkResult.swift */,
			);
			path = Network;
			sourceTree = "<group>";
		};
		CE3C1852282C0E7D00339F8F /* Service */ = {
			isa = PBXGroup;
			children = (
				CE3C1853282C0E9500339F8F /* UserService.swift */,
			);
			path = Service;
			sourceTree = "<group>";
		};
		CE3C1855282C11EF00339F8F /* ServiceModels */ = {
			isa = PBXGroup;
			children = (
				CE3C1856282C121D00339F8F /* LoginModel.swift */,
				CE3C1858282C22B200339F8F /* SignUpModel.swift */,
			);
			path = ServiceModels;
			sourceTree = "<group>";
		};
		CE99D5A5280569BE00631200 /* Source */ = {
			isa = PBXGroup;
			children = (
				CEC690DC28071B3A0085BC7D /* TabBar */,
				CE99D5B9280575A700631200 /* Auth */,
				CE99D5B72805755300631200 /* Main.storyboard */,
				CE829F302806EC3000B32953 /* MainViewController.swift */,
			);
			path = Source;
			sourceTree = "<group>";
		};
		CE99D5A6280569C300631200 /* Extensions */ = {
			isa = PBXGroup;
			children = (
				CEFE640127FCA42F00395565 /* UIButton++.swift */,
				CE99D5A828056A6900631200 /* UITextField++.swift */,
				CE3CE852281AE74B0039AC64 /* NSObject++.swift */,
				CEFC62B7281E652500E24E5A /* UIViewController++.swift */,
			);
			path = Extensions;
			sourceTree = "<group>";
		};
		CE99D5AC28056CE900631200 /* Constants */ = {
			isa = PBXGroup;
			children = (
				CE99D5AA28056AC800631200 /* Const.swift */,
				CE99D5AD28056D1700631200 /* Image.swift */,
				CE99D5AF28056DBA00631200 /* Storyboard.swift */,
				CE99D5BA28059F1900631200 /* Color.swift */,
			);
			path = Constants;
			sourceTree = "<group>";
		};
		CE99D5B12805701B00631200 /* Registration */ = {
			isa = PBXGroup;
			children = (
				CE99D5B22805709000631200 /* Registration.storyboard */,
				CE96576D27FDD1C9006677CE /* NameRegistrationController.swift */,
				CE96576F27FDD876006677CE /* PasswordRegistrationController.swift */,
			);
			path = Registration;
			sourceTree = "<group>";
		};
		CE99D5B62805736400631200 /* Login */ = {
			isa = PBXGroup;
			children = (
				CECC5E8E27FC9A8E00754F0E /* Login.storyboard */,
				CECC5E8C27FC9A8E00754F0E /* LoginViewController.swift */,
				CEBD5FBA27FDCB8200B7CF89 /* LoginConfirmController.swift */,
			);
			path = Login;
			sourceTree = "<group>";
		};
		CE99D5B9280575A700631200 /* Auth */ = {
			isa = PBXGroup;
			children = (
				CE99D5B62805736400631200 /* Login */,
				CE99D5B12805701B00631200 /* Registration */,
			);
			path = Auth;
			sourceTree = "<group>";
		};
		CEC5B52028269E4900B26D5A /* FeedImageCollectionView */ = {
			isa = PBXGroup;
			children = (
				CEC5B52128269E8E00B26D5A /* FeedImageCollectionViewCell.swift */,
				CEC5B52228269E8E00B26D5A /* FeedImageCollectionViewCell.xib */,
			);
			path = FeedImageCollectionView;
			sourceTree = "<group>";
		};
		CEC690DC28071B3A0085BC7D /* TabBar */ = {
			isa = PBXGroup;
			children = (
				CE6BFAA9280731F100D97035 /* TabBarController.swift */,
				CEFC62B9281E6B4000E24E5A /* HomeTab */,
				CEFC62BB281E6E4600E24E5A /* SearchTab */,
				CEFC62BC281E6E4B00E24E5A /* ReelsTab */,
				CEFC62BD281E6E5200E24E5A /* ShopTab */,
				CEFC62BE281E6E5800E24E5A /* ProfileTab */,
			);
			path = TabBar;
			sourceTree = "<group>";
		};
		CECC5E7C27FC9A8E00754F0E = {
			isa = PBXGroup;
			children = (
				CECC5E8727FC9A8E00754F0E /* Instagram */,
				CECC5E8627FC9A8E00754F0E /* Products */,
				FA7C8B654B5D3C60AACF1115 /* Pods */,
				534CCF90EBBE6FB7ADD661AD /* Frameworks */,
			);
			sourceTree = "<group>";
		};
		CECC5E8627FC9A8E00754F0E /* Products */ = {
			isa = PBXGroup;
			children = (
				CECC5E8527FC9A8E00754F0E /* Instagram.app */,
			);
			name = Products;
			sourceTree = "<group>";
		};
		CECC5E8727FC9A8E00754F0E /* Instagram */ = {
			isa = PBXGroup;
			children = (
				CE3C1852282C0E7D00339F8F /* Service */,
				CE3C184D282C0D3600339F8F /* Network */,
				CEFC62CE281E81CD00E24E5A /* Models */,
				CE99D5AC28056CE900631200 /* Constants */,
				CE99D5A6280569C300631200 /* Extensions */,
				CE99D5A5280569BE00631200 /* Source */,
				CECC5E8827FC9A8E00754F0E /* AppDelegate.swift */,
				CECC5E8A27FC9A8E00754F0E /* SceneDelegate.swift */,
				CECC5E9127FC9A8E00754F0E /* Assets.xcassets */,
				CECC5E9327FC9A8E00754F0E /* LaunchScreen.storyboard */,
				CECC5E9627FC9A8E00754F0E /* Info.plist */,
			);
			path = Instagram;
			sourceTree = "<group>";
		};
		CEFC62B9281E6B4000E24E5A /* HomeTab */ = {
			isa = PBXGroup;
			children = (
				CEFC62BA281E6B5800E24E5A /* HomeCells */,
				CEC690DD280724A80085BC7D /* HomeTab.storyboard */,
				CEC690E928072B2E0085BC7D /* HomeTabController.swift */,
			);
			path = HomeTab;
			sourceTree = "<group>";
		};
		CEFC62BA281E6B5800E24E5A /* HomeCells */ = {
			isa = PBXGroup;
			children = (
				CEFC62C4281E6F8D00E24E5A /* StoryTableViewCell */,
				CEFC62C3281E6F8500E24E5A /* FeedTableViewCell */,
			);
			path = HomeCells;
			sourceTree = "<group>";
		};
		CEFC62BB281E6E4600E24E5A /* SearchTab */ = {
			isa = PBXGroup;
			children = (
				CEC690DF280724E20085BC7D /* SearchTab.storyboard */,
				CEC690EB28072B3A0085BC7D /* SearchTabController.swift */,
			);
			path = SearchTab;
			sourceTree = "<group>";
		};
		CEFC62BC281E6E4B00E24E5A /* ReelsTab */ = {
			isa = PBXGroup;
			children = (
				CEC690E1280726B20085BC7D /* ReelsTab.storyboard */,
				CEC690ED28072B4B0085BC7D /* ReelsTabController.swift */,
			);
			path = ReelsTab;
			sourceTree = "<group>";
		};
		CEFC62BD281E6E5200E24E5A /* ShopTab */ = {
			isa = PBXGroup;
			children = (
				CEC690E3280726D30085BC7D /* ShopTab.storyboard */,
				CEC690EF28072B640085BC7D /* ShopTabController.swift */,
			);
			path = ShopTab;
			sourceTree = "<group>";
		};
		CEFC62BE281E6E5800E24E5A /* ProfileTab */ = {
			isa = PBXGroup;
			children = (
				CEC690E5280726E40085BC7D /* ProfileTab.storyboard */,
				CEC690F128072B750085BC7D /* ProfileTabController.swift */,
			);
			path = ProfileTab;
			sourceTree = "<group>";
		};
		CEFC62C3281E6F8500E24E5A /* FeedTableViewCell */ = {
			isa = PBXGroup;
			children = (
				CEC5B52028269E4900B26D5A /* FeedImageCollectionView */,
				CEFC62BF281E6F2C00E24E5A /* FeedTableViewCell.swift */,
				CEFC62C0281E6F2C00E24E5A /* FeedTableViewCell.xib */,
			);
			path = FeedTableViewCell;
			sourceTree = "<group>";
		};
		CEFC62C4281E6F8D00E24E5A /* StoryTableViewCell */ = {
			isa = PBXGroup;
			children = (
				CEFC62C9281E7F5800E24E5A /* StoryCollectionViewCell */,
				CEFC62C5281E6FFF00E24E5A /* StoryTableViewCell.swift */,
				CEFC62C6281E6FFF00E24E5A /* StoryTableViewCell.xib */,
			);
			path = StoryTableViewCell;
			sourceTree = "<group>";
		};
		CEFC62C9281E7F5800E24E5A /* StoryCollectionViewCell */ = {
			isa = PBXGroup;
			children = (
				CEFC62CA281E7F6C00E24E5A /* StoryCollectionViewCell.swift */,
				CEFC62CB281E7F6C00E24E5A /* StoryCollectionViewCell.xib */,
			);
			path = StoryCollectionViewCell;
			sourceTree = "<group>";
		};
		CEFC62CE281E81CD00E24E5A /* Models */ = {
			isa = PBXGroup;
			children = (
				CE3C1855282C11EF00339F8F /* ServiceModels */,
				CEFC62CF281E81E500E24E5A /* StoryDataModel.swift */,
				CEFC62D1281E81EB00E24E5A /* FeedDataModel.swift */,
			);
			path = Models;
			sourceTree = "<group>";
		};
		FA7C8B654B5D3C60AACF1115 /* Pods */ = {
			isa = PBXGroup;
			children = (
				0793660EB0B7439CE828914D /* Pods-Instagram.debug.xcconfig */,
				B397F09D4CB666FC8855E6ED /* Pods-Instagram.release.xcconfig */,
			);
			path = Pods;
			sourceTree = "<group>";
		};
/* End PBXGroup section */

/* Begin PBXNativeTarget section */
		CECC5E8427FC9A8E00754F0E /* Instagram */ = {
			isa = PBXNativeTarget;
			buildConfigurationList = CECC5E9927FC9A8E00754F0E /* Build configuration list for PBXNativeTarget "Instagram" */;
			buildPhases = (
				0684C51FBEE285F0B3464B79 /* [CP] Check Pods Manifest.lock */,
				CECC5E8127FC9A8E00754F0E /* Sources */,
				CECC5E8227FC9A8E00754F0E /* Frameworks */,
				CECC5E8327FC9A8E00754F0E /* Resources */,
				A466895EB20AC2B2E447C3CF /* [CP] Embed Pods Frameworks */,
			);
			buildRules = (
			);
			dependencies = (
			);
			name = Instagram;
			productName = Instagram;
			productReference = CECC5E8527FC9A8E00754F0E /* Instagram.app */;
			productType = "com.apple.product-type.application";
		};
/* End PBXNativeTarget section */

/* Begin PBXProject section */
		CECC5E7D27FC9A8E00754F0E /* Project object */ = {
			isa = PBXProject;
			attributes = {
				BuildIndependentTargetsInParallel = 1;
				LastSwiftUpdateCheck = 1330;
				LastUpgradeCheck = 1330;
				TargetAttributes = {
					CECC5E8427FC9A8E00754F0E = {
						CreatedOnToolsVersion = 13.3;
					};
				};
			};
			buildConfigurationList = CECC5E8027FC9A8E00754F0E /* Build configuration list for PBXProject "Instagram" */;
			compatibilityVersion = "Xcode 13.0";
			developmentRegion = en;
			hasScannedForEncodings = 0;
			knownRegions = (
				en,
				Base,
			);
			mainGroup = CECC5E7C27FC9A8E00754F0E;
			productRefGroup = CECC5E8627FC9A8E00754F0E /* Products */;
			projectDirPath = "";
			projectRoot = "";
			targets = (
				CECC5E8427FC9A8E00754F0E /* Instagram */,
			);
		};
/* End PBXProject section */

/* Begin PBXResourcesBuildPhase section */
		CECC5E8327FC9A8E00754F0E /* Resources */ = {
			isa = PBXResourcesBuildPhase;
			buildActionMask = 2147483647;
			files = (
				CEC690E6280726E40085BC7D /* ProfileTab.storyboard in Resources */,
				CECC5E9527FC9A8E00754F0E /* LaunchScreen.storyboard in Resources */,
				CE99D5B82805755300631200 /* Main.storyboard in Resources */,
				CEC690E4280726D30085BC7D /* ShopTab.storyboard in Resources */,
				CE99D5B32805709000631200 /* Registration.storyboard in Resources */,
				CEC690E0280724E20085BC7D /* SearchTab.storyboard in Resources */,
				CEC690E2280726B20085BC7D /* ReelsTab.storyboard in Resources */,
				CEFC62C8281E6FFF00E24E5A /* StoryTableViewCell.xib in Resources */,
				CEC5B52428269E8E00B26D5A /* FeedImageCollectionViewCell.xib in Resources */,
				CECC5E9227FC9A8E00754F0E /* Assets.xcassets in Resources */,
				CEFC62C2281E6F2C00E24E5A /* FeedTableViewCell.xib in Resources */,
				CEFC62CD281E7F6C00E24E5A /* StoryCollectionViewCell.xib in Resources */,
				CECC5E9027FC9A8E00754F0E /* Login.storyboard in Resources */,
				CEC690DE280724A80085BC7D /* HomeTab.storyboard in Resources */,
			);
			runOnlyForDeploymentPostprocessing = 0;
		};
/* End PBXResourcesBuildPhase section */

/* Begin PBXShellScriptBuildPhase section */
		0684C51FBEE285F0B3464B79 /* [CP] Check Pods Manifest.lock */ = {
			isa = PBXShellScriptBuildPhase;
			buildActionMask = 2147483647;
			files = (
			);
			inputFileListPaths = (
			);
			inputPaths = (
				"${PODS_PODFILE_DIR_PATH}/Podfile.lock",
				"${PODS_ROOT}/Manifest.lock",
			);
			name = "[CP] Check Pods Manifest.lock";
			outputFileListPaths = (
			);
			outputPaths = (
				"$(DERIVED_FILE_DIR)/Pods-Instagram-checkManifestLockResult.txt",
			);
			runOnlyForDeploymentPostprocessing = 0;
			shellPath = /bin/sh;
			shellScript = "diff \"${PODS_PODFILE_DIR_PATH}/Podfile.lock\" \"${PODS_ROOT}/Manifest.lock\" > /dev/null\nif [ $? != 0 ] ; then\n    # print error to STDERR\n    echo \"error: The sandbox is not in sync with the Podfile.lock. Run 'pod install' or update your CocoaPods installation.\" >&2\n    exit 1\nfi\n# This output is used by Xcode 'outputs' to avoid re-running this script phase.\necho \"SUCCESS\" > \"${SCRIPT_OUTPUT_FILE_0}\"\n";
			showEnvVarsInLog = 0;
		};
		A466895EB20AC2B2E447C3CF /* [CP] Embed Pods Frameworks */ = {
			isa = PBXShellScriptBuildPhase;
			buildActionMask = 2147483647;
			files = (
			);
			inputFileListPaths = (
				"${PODS_ROOT}/Target Support Files/Pods-Instagram/Pods-Instagram-frameworks-${CONFIGURATION}-input-files.xcfilelist",
			);
			name = "[CP] Embed Pods Frameworks";
			outputFileListPaths = (
				"${PODS_ROOT}/Target Support Files/Pods-Instagram/Pods-Instagram-frameworks-${CONFIGURATION}-output-files.xcfilelist",
			);
			runOnlyForDeploymentPostprocessing = 0;
			shellPath = /bin/sh;
			shellScript = "\"${PODS_ROOT}/Target Support Files/Pods-Instagram/Pods-Instagram-frameworks.sh\"\n";
			showEnvVarsInLog = 0;
		};
/* End PBXShellScriptBuildPhase section */

/* Begin PBXSourcesBuildPhase section */
		CECC5E8127FC9A8E00754F0E /* Sources */ = {
			isa = PBXSourcesBuildPhase;
			buildActionMask = 2147483647;
			files = (
				CECC5E8D27FC9A8E00754F0E /* LoginViewController.swift in Sources */,
				CEFC62D2281E81EB00E24E5A /* FeedDataModel.swift in Sources */,
				CE99D5B028056DBA00631200 /* Storyboard.swift in Sources */,
				CEBD5FBB27FDCB8200B7CF89 /* LoginConfirmController.swift in Sources */,
				CE96577027FDD876006677CE /* PasswordRegistrationController.swift in Sources */,
				CEFC62D0281E81E500E24E5A /* StoryDataModel.swift in Sources */,
				CEC690F228072B750085BC7D /* ProfileTabController.swift in Sources */,
				CEC690EA28072B2E0085BC7D /* HomeTabController.swift in Sources */,
				CE3C184F282C0D4F00339F8F /* APIConstants.swift in Sources */,
				CEC690EC28072B3A0085BC7D /* SearchTabController.swift in Sources */,
				CE99D5BB28059F1900631200 /* Color.swift in Sources */,
				CEC690EE28072B4B0085BC7D /* ReelsTabController.swift in Sources */,
				CE99D5A928056A6900631200 /* UITextField++.swift in Sources */,
				CE3C1857282C121D00339F8F /* LoginModel.swift in Sources */,
				CEC690F028072B640085BC7D /* ShopTabController.swift in Sources */,
				CE96576E27FDD1C9006677CE /* NameRegistrationController.swift in Sources */,
				CE829F312806EC3000B32953 /* MainViewController.swift in Sources */,
				CE6BFAAA280731F100D97035 /* TabBarController.swift in Sources */,
				CEFC62B8281E652500E24E5A /* UIViewController++.swift in Sources */,
				CECC5E8927FC9A8E00754F0E /* AppDelegate.swift in Sources */,
				CE3C1859282C22B200339F8F /* SignUpModel.swift in Sources */,
				CEFC62CC281E7F6C00E24E5A /* StoryCollectionViewCell.swift in Sources */,
				CECC5E8B27FC9A8E00754F0E /* SceneDelegate.swift in Sources */,
				CE3C1851282C0DA900339F8F /* NetworkResult.swift in Sources */,
				CEFE640227FCA42F00395565 /* UIButton++.swift in Sources */,
				CE99D5AB28056AC800631200 /* Const.swift in Sources */,
				CEC5B52328269E8E00B26D5A /* FeedImageCollectionViewCell.swift in Sources */,
				CE3CE853281AE74B0039AC64 /* NSObject++.swift in Sources */,
				CE3C1854282C0E9500339F8F /* UserService.swift in Sources */,
				CE99D5AE28056D1700631200 /* Image.swift in Sources */,
				CEFC62C7281E6FFF00E24E5A /* StoryTableViewCell.swift in Sources */,
				CEFC62C1281E6F2C00E24E5A /* FeedTableViewCell.swift in Sources */,
			);
			runOnlyForDeploymentPostprocessing = 0;
		};
/* End PBXSourcesBuildPhase section */

/* Begin PBXVariantGroup section */
		CECC5E8E27FC9A8E00754F0E /* Login.storyboard */ = {
			isa = PBXVariantGroup;
			children = (
				CECC5E8F27FC9A8E00754F0E /* Base */,
			);
			name = Login.storyboard;
			sourceTree = "<group>";
		};
		CECC5E9327FC9A8E00754F0E /* LaunchScreen.storyboard */ = {
			isa = PBXVariantGroup;
			children = (
				CECC5E9427FC9A8E00754F0E /* Base */,
			);
			name = LaunchScreen.storyboard;
			sourceTree = "<group>";
		};
/* End PBXVariantGroup section */

/* Begin XCBuildConfiguration section */
		CECC5E9727FC9A8E00754F0E /* Debug */ = {
			isa = XCBuildConfiguration;
			buildSettings = {
				ALWAYS_SEARCH_USER_PATHS = NO;
				CLANG_ANALYZER_NONNULL = YES;
				CLANG_ANALYZER_NUMBER_OBJECT_CONVERSION = YES_AGGRESSIVE;
				CLANG_CXX_LANGUAGE_STANDARD = "gnu++17";
				CLANG_ENABLE_MODULES = YES;
				CLANG_ENABLE_OBJC_ARC = YES;
				CLANG_ENABLE_OBJC_WEAK = YES;
				CLANG_WARN_BLOCK_CAPTURE_AUTORELEASING = YES;
				CLANG_WARN_BOOL_CONVERSION = YES;
				CLANG_WARN_COMMA = YES;
				CLANG_WARN_CONSTANT_CONVERSION = YES;
				CLANG_WARN_DEPRECATED_OBJC_IMPLEMENTATIONS = YES;
				CLANG_WARN_DIRECT_OBJC_ISA_USAGE = YES_ERROR;
				CLANG_WARN_DOCUMENTATION_COMMENTS = YES;
				CLANG_WARN_EMPTY_BODY = YES;
				CLANG_WARN_ENUM_CONVERSION = YES;
				CLANG_WARN_INFINITE_RECURSION = YES;
				CLANG_WARN_INT_CONVERSION = YES;
				CLANG_WARN_NON_LITERAL_NULL_CONVERSION = YES;
				CLANG_WARN_OBJC_IMPLICIT_RETAIN_SELF = YES;
				CLANG_WARN_OBJC_LITERAL_CONVERSION = YES;
				CLANG_WARN_OBJC_ROOT_CLASS = YES_ERROR;
				CLANG_WARN_QUOTED_INCLUDE_IN_FRAMEWORK_HEADER = YES;
				CLANG_WARN_RANGE_LOOP_ANALYSIS = YES;
				CLANG_WARN_STRICT_PROTOTYPES = YES;
				CLANG_WARN_SUSPICIOUS_MOVE = YES;
				CLANG_WARN_UNGUARDED_AVAILABILITY = YES_AGGRESSIVE;
				CLANG_WARN_UNREACHABLE_CODE = YES;
				CLANG_WARN__DUPLICATE_METHOD_MATCH = YES;
				COPY_PHASE_STRIP = NO;
				DEBUG_INFORMATION_FORMAT = dwarf;
				ENABLE_STRICT_OBJC_MSGSEND = YES;
				ENABLE_TESTABILITY = YES;
				GCC_C_LANGUAGE_STANDARD = gnu11;
				GCC_DYNAMIC_NO_PIC = NO;
				GCC_NO_COMMON_BLOCKS = YES;
				GCC_OPTIMIZATION_LEVEL = 0;
				GCC_PREPROCESSOR_DEFINITIONS = (
					"DEBUG=1",
					"$(inherited)",
				);
				GCC_WARN_64_TO_32_BIT_CONVERSION = YES;
				GCC_WARN_ABOUT_RETURN_TYPE = YES_ERROR;
				GCC_WARN_UNDECLARED_SELECTOR = YES;
				GCC_WARN_UNINITIALIZED_AUTOS = YES_AGGRESSIVE;
				GCC_WARN_UNUSED_FUNCTION = YES;
				GCC_WARN_UNUSED_VARIABLE = YES;
				IPHONEOS_DEPLOYMENT_TARGET = 15.4;
				MTL_ENABLE_DEBUG_INFO = INCLUDE_SOURCE;
				MTL_FAST_MATH = YES;
				ONLY_ACTIVE_ARCH = YES;
				SDKROOT = iphoneos;
				SWIFT_ACTIVE_COMPILATION_CONDITIONS = DEBUG;
				SWIFT_OPTIMIZATION_LEVEL = "-Onone";
			};
			name = Debug;
		};
		CECC5E9827FC9A8E00754F0E /* Release */ = {
			isa = XCBuildConfiguration;
			buildSettings = {
				ALWAYS_SEARCH_USER_PATHS = NO;
				CLANG_ANALYZER_NONNULL = YES;
				CLANG_ANALYZER_NUMBER_OBJECT_CONVERSION = YES_AGGRESSIVE;
				CLANG_CXX_LANGUAGE_STANDARD = "gnu++17";
				CLANG_ENABLE_MODULES = YES;
				CLANG_ENABLE_OBJC_ARC = YES;
				CLANG_ENABLE_OBJC_WEAK = YES;
				CLANG_WARN_BLOCK_CAPTURE_AUTORELEASING = YES;
				CLANG_WARN_BOOL_CONVERSION = YES;
				CLANG_WARN_COMMA = YES;
				CLANG_WARN_CONSTANT_CONVERSION = YES;
				CLANG_WARN_DEPRECATED_OBJC_IMPLEMENTATIONS = YES;
				CLANG_WARN_DIRECT_OBJC_ISA_USAGE = YES_ERROR;
				CLANG_WARN_DOCUMENTATION_COMMENTS = YES;
				CLANG_WARN_EMPTY_BODY = YES;
				CLANG_WARN_ENUM_CONVERSION = YES;
				CLANG_WARN_INFINITE_RECURSION = YES;
				CLANG_WARN_INT_CONVERSION = YES;
				CLANG_WARN_NON_LITERAL_NULL_CONVERSION = YES;
				CLANG_WARN_OBJC_IMPLICIT_RETAIN_SELF = YES;
				CLANG_WARN_OBJC_LITERAL_CONVERSION = YES;
				CLANG_WARN_OBJC_ROOT_CLASS = YES_ERROR;
				CLANG_WARN_QUOTED_INCLUDE_IN_FRAMEWORK_HEADER = YES;
				CLANG_WARN_RANGE_LOOP_ANALYSIS = YES;
				CLANG_WARN_STRICT_PROTOTYPES = YES;
				CLANG_WARN_SUSPICIOUS_MOVE = YES;
				CLANG_WARN_UNGUARDED_AVAILABILITY = YES_AGGRESSIVE;
				CLANG_WARN_UNREACHABLE_CODE = YES;
				CLANG_WARN__DUPLICATE_METHOD_MATCH = YES;
				COPY_PHASE_STRIP = NO;
				DEBUG_INFORMATION_FORMAT = "dwarf-with-dsym";
				ENABLE_NS_ASSERTIONS = NO;
				ENABLE_STRICT_OBJC_MSGSEND = YES;
				GCC_C_LANGUAGE_STANDARD = gnu11;
				GCC_NO_COMMON_BLOCKS = YES;
				GCC_WARN_64_TO_32_BIT_CONVERSION = YES;
				GCC_WARN_ABOUT_RETURN_TYPE = YES_ERROR;
				GCC_WARN_UNDECLARED_SELECTOR = YES;
				GCC_WARN_UNINITIALIZED_AUTOS = YES_AGGRESSIVE;
				GCC_WARN_UNUSED_FUNCTION = YES;
				GCC_WARN_UNUSED_VARIABLE = YES;
				IPHONEOS_DEPLOYMENT_TARGET = 15.4;
				MTL_ENABLE_DEBUG_INFO = NO;
				MTL_FAST_MATH = YES;
				SDKROOT = iphoneos;
				SWIFT_COMPILATION_MODE = wholemodule;
				SWIFT_OPTIMIZATION_LEVEL = "-O";
				VALIDATE_PRODUCT = YES;
			};
			name = Release;
		};
		CECC5E9A27FC9A8E00754F0E /* Debug */ = {
			isa = XCBuildConfiguration;
			baseConfigurationReference = 0793660EB0B7439CE828914D /* Pods-Instagram.debug.xcconfig */;
			buildSettings = {
				ASSETCATALOG_COMPILER_APPICON_NAME = AppIcon;
				ASSETCATALOG_COMPILER_GLOBAL_ACCENT_COLOR_NAME = AccentColor;
				CODE_SIGN_STYLE = Automatic;
				CURRENT_PROJECT_VERSION = 1;
				DEVELOPMENT_TEAM = 9K86FQHDLU;
				GENERATE_INFOPLIST_FILE = YES;
				INFOPLIST_FILE = Instagram/Info.plist;
				INFOPLIST_KEY_UIApplicationSupportsIndirectInputEvents = YES;
				INFOPLIST_KEY_UILaunchStoryboardName = LaunchScreen;
				INFOPLIST_KEY_UIMainStoryboardFile = Main;
				INFOPLIST_KEY_UISupportedInterfaceOrientations_iPad = "UIInterfaceOrientationPortrait UIInterfaceOrientationPortraitUpsideDown UIInterfaceOrientationLandscapeLeft UIInterfaceOrientationLandscapeRight";
				INFOPLIST_KEY_UISupportedInterfaceOrientations_iPhone = "UIInterfaceOrientationPortrait UIInterfaceOrientationLandscapeLeft UIInterfaceOrientationLandscapeRight";
				LD_RUNPATH_SEARCH_PATHS = (
					"$(inherited)",
					"@executable_path/Frameworks",
				);
				MARKETING_VERSION = 1.0;
				PRODUCT_BUNDLE_IDENTIFIER = com.sejin.Instagram;
				PRODUCT_NAME = "$(TARGET_NAME)";
				SWIFT_EMIT_LOC_STRINGS = YES;
				SWIFT_VERSION = 5.0;
				TARGETED_DEVICE_FAMILY = "1,2";
			};
			name = Debug;
		};
		CECC5E9B27FC9A8E00754F0E /* Release */ = {
			isa = XCBuildConfiguration;
			baseConfigurationReference = B397F09D4CB666FC8855E6ED /* Pods-Instagram.release.xcconfig */;
			buildSettings = {
				ASSETCATALOG_COMPILER_APPICON_NAME = AppIcon;
				ASSETCATALOG_COMPILER_GLOBAL_ACCENT_COLOR_NAME = AccentColor;
				CODE_SIGN_STYLE = Automatic;
				CURRENT_PROJECT_VERSION = 1;
				DEVELOPMENT_TEAM = 9K86FQHDLU;
				GENERATE_INFOPLIST_FILE = YES;
				INFOPLIST_FILE = Instagram/Info.plist;
				INFOPLIST_KEY_UIApplicationSupportsIndirectInputEvents = YES;
				INFOPLIST_KEY_UILaunchStoryboardName = LaunchScreen;
				INFOPLIST_KEY_UIMainStoryboardFile = Main;
				INFOPLIST_KEY_UISupportedInterfaceOrientations_iPad = "UIInterfaceOrientationPortrait UIInterfaceOrientationPortraitUpsideDown UIInterfaceOrientationLandscapeLeft UIInterfaceOrientationLandscapeRight";
				INFOPLIST_KEY_UISupportedInterfaceOrientations_iPhone = "UIInterfaceOrientationPortrait UIInterfaceOrientationLandscapeLeft UIInterfaceOrientationLandscapeRight";
				LD_RUNPATH_SEARCH_PATHS = (
					"$(inherited)",
					"@executable_path/Frameworks",
				);
				MARKETING_VERSION = 1.0;
				PRODUCT_BUNDLE_IDENTIFIER = com.sejin.Instagram;
				PRODUCT_NAME = "$(TARGET_NAME)";
				SWIFT_EMIT_LOC_STRINGS = YES;
				SWIFT_VERSION = 5.0;
				TARGETED_DEVICE_FAMILY = "1,2";
			};
			name = Release;
		};
/* End XCBuildConfiguration section */

/* Begin XCConfigurationList section */
		CECC5E8027FC9A8E00754F0E /* Build configuration list for PBXProject "Instagram" */ = {
			isa = XCConfigurationList;
			buildConfigurations = (
				CECC5E9727FC9A8E00754F0E /* Debug */,
				CECC5E9827FC9A8E00754F0E /* Release */,
			);
			defaultConfigurationIsVisible = 0;
			defaultConfigurationName = Release;
		};
		CECC5E9927FC9A8E00754F0E /* Build configuration list for PBXNativeTarget "Instagram" */ = {
			isa = XCConfigurationList;
			buildConfigurations = (
				CECC5E9A27FC9A8E00754F0E /* Debug */,
				CECC5E9B27FC9A8E00754F0E /* Release */,
			);
			defaultConfigurationIsVisible = 0;
			defaultConfigurationName = Release;
		};
/* End XCConfigurationList section */
	};
	rootObject = CECC5E7D27FC9A8E00754F0E /* Project object */;
}
