// !$*UTF8*$!
{
	archiveVersion = 1;
	classes = {
	};
	objectVersion = 55;
	objects = {

/* Begin PBXBuildFile section */
		CE829F312806EC3000B32953 /* MainViewController.swift in Sources */ = {isa = PBXBuildFile; fileRef = CE829F302806EC3000B32953 /* MainViewController.swift */; };
		CE96576E27FDD1C9006677CE /* NameRegistrationController.swift in Sources */ = {isa = PBXBuildFile; fileRef = CE96576D27FDD1C9006677CE /* NameRegistrationController.swift */; };
		CE96577027FDD876006677CE /* PasswordRegistrationController.swift in Sources */ = {isa = PBXBuildFile; fileRef = CE96576F27FDD876006677CE /* PasswordRegistrationController.swift */; };
		CE99D5A928056A6900631200 /* UITextField++.swift in Sources */ = {isa = PBXBuildFile; fileRef = CE99D5A828056A6900631200 /* UITextField++.swift */; };
		CE99D5AB28056AC800631200 /* Const.swift in Sources */ = {isa = PBXBuildFile; fileRef = CE99D5AA28056AC800631200 /* Const.swift */; };
		CE99D5AE28056D1700631200 /* Image.swift in Sources */ = {isa = PBXBuildFile; fileRef = CE99D5AD28056D1700631200 /* Image.swift */; };
		CE99D5B028056DBA00631200 /* Storyboard.swift in Sources */ = {isa = PBXBuildFile; fileRef = CE99D5AF28056DBA00631200 /* Storyboard.swift */; };
		CE99D5B32805709000631200 /* Registration.storyboard in Resources */ = {isa = PBXBuildFile; fileRef = CE99D5B22805709000631200 /* Registration.storyboard */; };
		CE99D5B5280572C900631200 /* ViewController.swift in Sources */ = {isa = PBXBuildFile; fileRef = CE99D5B4280572C900631200 /* ViewController.swift */; };
		CE99D5B82805755300631200 /* Main.storyboard in Resources */ = {isa = PBXBuildFile; fileRef = CE99D5B72805755300631200 /* Main.storyboard */; };
		CE99D5BB28059F1900631200 /* Color.swift in Sources */ = {isa = PBXBuildFile; fileRef = CE99D5BA28059F1900631200 /* Color.swift */; };
		CEBD5FBB27FDCB8200B7CF89 /* LoginConfirmController.swift in Sources */ = {isa = PBXBuildFile; fileRef = CEBD5FBA27FDCB8200B7CF89 /* LoginConfirmController.swift */; };
		CECC5E8927FC9A8E00754F0E /* AppDelegate.swift in Sources */ = {isa = PBXBuildFile; fileRef = CECC5E8827FC9A8E00754F0E /* AppDelegate.swift */; };
		CECC5E8B27FC9A8E00754F0E /* SceneDelegate.swift in Sources */ = {isa = PBXBuildFile; fileRef = CECC5E8A27FC9A8E00754F0E /* SceneDelegate.swift */; };
		CECC5E8D27FC9A8E00754F0E /* LoginViewController.swift in Sources */ = {isa = PBXBuildFile; fileRef = CECC5E8C27FC9A8E00754F0E /* LoginViewController.swift */; };
		CECC5E9027FC9A8E00754F0E /* Login.storyboard in Resources */ = {isa = PBXBuildFile; fileRef = CECC5E8E27FC9A8E00754F0E /* Login.storyboard */; };
		CECC5E9227FC9A8E00754F0E /* Assets.xcassets in Resources */ = {isa = PBXBuildFile; fileRef = CECC5E9127FC9A8E00754F0E /* Assets.xcassets */; };
		CECC5E9527FC9A8E00754F0E /* LaunchScreen.storyboard in Resources */ = {isa = PBXBuildFile; fileRef = CECC5E9327FC9A8E00754F0E /* LaunchScreen.storyboard */; };
		CEFE640227FCA42F00395565 /* UIButton++.swift in Sources */ = {isa = PBXBuildFile; fileRef = CEFE640127FCA42F00395565 /* UIButton++.swift */; };
/* End PBXBuildFile section */

/* Begin PBXFileReference section */
		CE829F302806EC3000B32953 /* MainViewController.swift */ = {isa = PBXFileReference; lastKnownFileType = sourcecode.swift; path = MainViewController.swift; sourceTree = "<group>"; };
		CE96576D27FDD1C9006677CE /* NameRegistrationController.swift */ = {isa = PBXFileReference; lastKnownFileType = sourcecode.swift; path = NameRegistrationController.swift; sourceTree = "<group>"; };
		CE96576F27FDD876006677CE /* PasswordRegistrationController.swift */ = {isa = PBXFileReference; lastKnownFileType = sourcecode.swift; path = PasswordRegistrationController.swift; sourceTree = "<group>"; };
		CE99D5A828056A6900631200 /* UITextField++.swift */ = {isa = PBXFileReference; lastKnownFileType = sourcecode.swift; path = "UITextField++.swift"; sourceTree = "<group>"; };
		CE99D5AA28056AC800631200 /* Const.swift */ = {isa = PBXFileReference; lastKnownFileType = sourcecode.swift; path = Const.swift; sourceTree = "<group>"; };
		CE99D5AD28056D1700631200 /* Image.swift */ = {isa = PBXFileReference; lastKnownFileType = sourcecode.swift; path = Image.swift; sourceTree = "<group>"; };
		CE99D5AF28056DBA00631200 /* Storyboard.swift */ = {isa = PBXFileReference; lastKnownFileType = sourcecode.swift; path = Storyboard.swift; sourceTree = "<group>"; };
		CE99D5B22805709000631200 /* Registration.storyboard */ = {isa = PBXFileReference; lastKnownFileType = file.storyboard; path = Registration.storyboard; sourceTree = "<group>"; };
		CE99D5B4280572C900631200 /* ViewController.swift */ = {isa = PBXFileReference; lastKnownFileType = sourcecode.swift; path = ViewController.swift; sourceTree = "<group>"; };
		CE99D5B72805755300631200 /* Main.storyboard */ = {isa = PBXFileReference; lastKnownFileType = file.storyboard; path = Main.storyboard; sourceTree = "<group>"; };
		CE99D5BA28059F1900631200 /* Color.swift */ = {isa = PBXFileReference; lastKnownFileType = sourcecode.swift; path = Color.swift; sourceTree = "<group>"; };
		CEBD5FBA27FDCB8200B7CF89 /* LoginConfirmController.swift */ = {isa = PBXFileReference; lastKnownFileType = sourcecode.swift; path = LoginConfirmController.swift; sourceTree = "<group>"; };
		CECC5E8527FC9A8E00754F0E /* Instagram.app */ = {isa = PBXFileReference; explicitFileType = wrapper.application; includeInIndex = 0; path = Instagram.app; sourceTree = BUILT_PRODUCTS_DIR; };
		CECC5E8827FC9A8E00754F0E /* AppDelegate.swift */ = {isa = PBXFileReference; lastKnownFileType = sourcecode.swift; path = AppDelegate.swift; sourceTree = "<group>"; };
		CECC5E8A27FC9A8E00754F0E /* SceneDelegate.swift */ = {isa = PBXFileReference; lastKnownFileType = sourcecode.swift; path = SceneDelegate.swift; sourceTree = "<group>"; };
		CECC5E8C27FC9A8E00754F0E /* LoginViewController.swift */ = {isa = PBXFileReference; lastKnownFileType = sourcecode.swift; path = LoginViewController.swift; sourceTree = "<group>"; };
		CECC5E8F27FC9A8E00754F0E /* Base */ = {isa = PBXFileReference; lastKnownFileType = file.storyboard; name = Base; path = Base.lproj/Login.storyboard; sourceTree = "<group>"; };
		CECC5E9127FC9A8E00754F0E /* Assets.xcassets */ = {isa = PBXFileReference; lastKnownFileType = folder.assetcatalog; path = Assets.xcassets; sourceTree = "<group>"; };
		CECC5E9427FC9A8E00754F0E /* Base */ = {isa = PBXFileReference; lastKnownFileType = file.storyboard; name = Base; path = Base.lproj/LaunchScreen.storyboard; sourceTree = "<group>"; };
		CECC5E9627FC9A8E00754F0E /* Info.plist */ = {isa = PBXFileReference; lastKnownFileType = text.plist.xml; path = Info.plist; sourceTree = "<group>"; };
		CEFE640127FCA42F00395565 /* UIButton++.swift */ = {isa = PBXFileReference; lastKnownFileType = sourcecode.swift; path = "UIButton++.swift"; sourceTree = "<group>"; };
/* End PBXFileReference section */

/* Begin PBXFrameworksBuildPhase section */
		CECC5E8227FC9A8E00754F0E /* Frameworks */ = {
			isa = PBXFrameworksBuildPhase;
			buildActionMask = 2147483647;
			files = (
			);
			runOnlyForDeploymentPostprocessing = 0;
		};
/* End PBXFrameworksBuildPhase section */

/* Begin PBXGroup section */
		CE99D5A5280569BE00631200 /* Views */ = {
			isa = PBXGroup;
			children = (
				CEC690DC28071B3A0085BC7D /* TabBar */,
				CE99D5B9280575A700631200 /* Auth */,
				CE99D5B72805755300631200 /* Main.storyboard */,
			);
			path = Views;
			sourceTree = "<group>";
		};
		CE99D5A6280569C300631200 /* Extensions */ = {
			isa = PBXGroup;
			children = (
				CEFE640127FCA42F00395565 /* UIButton++.swift */,
				CE99D5A828056A6900631200 /* UITextField++.swift */,
			);
			path = Extensions;
			sourceTree = "<group>";
		};
		CE99D5A7280569CA00631200 /* Controllers */ = {
			isa = PBXGroup;
			children = (
				CECC5E8C27FC9A8E00754F0E /* LoginViewController.swift */,
				CEBD5FBA27FDCB8200B7CF89 /* LoginConfirmController.swift */,
				CE96576D27FDD1C9006677CE /* NameRegistrationController.swift */,
				CE96576F27FDD876006677CE /* PasswordRegistrationController.swift */,
				CE829F302806EC3000B32953 /* MainViewController.swift */,
			);
			path = Controllers;
			sourceTree = "<group>";
		};
		CE99D5AC28056CE900631200 /* Constants */ = {
			isa = PBXGroup;
			children = (
				CE99D5AA28056AC800631200 /* Const.swift */,
				CE99D5AD28056D1700631200 /* Image.swift */,
				CE99D5AF28056DBA00631200 /* Storyboard.swift */,
				CE99D5B4280572C900631200 /* ViewController.swift */,
				CE99D5BA28059F1900631200 /* Color.swift */,
			);
			path = Constants;
			sourceTree = "<group>";
		};
		CE99D5B12805701B00631200 /* Registration */ = {
			isa = PBXGroup;
			children = (
				CE99D5B22805709000631200 /* Registration.storyboard */,
			);
			path = Registration;
			sourceTree = "<group>";
		};
		CE99D5B62805736400631200 /* Login */ = {
			isa = PBXGroup;
			children = (
				CECC5E8E27FC9A8E00754F0E /* Login.storyboard */,
			);
			path = Login;
			sourceTree = "<group>";
		};
		CE99D5B9280575A700631200 /* Auth */ = {
			isa = PBXGroup;
			children = (
				CE99D5B62805736400631200 /* Login */,
				CE99D5B12805701B00631200 /* Registration */,
			);
			path = Auth;
			sourceTree = "<group>";
		};
		CEC690DC28071B3A0085BC7D /* TabBar */ = {
			isa = PBXGroup;
			children = (
			);
			path = TabBar;
			sourceTree = "<group>";
		};
		CECC5E7C27FC9A8E00754F0E = {
			isa = PBXGroup;
			children = (
				CECC5E8727FC9A8E00754F0E /* Instagram */,
				CECC5E8627FC9A8E00754F0E /* Products */,
			);
			sourceTree = "<group>";
		};
		CECC5E8627FC9A8E00754F0E /* Products */ = {
			isa = PBXGroup;
			children = (
				CECC5E8527FC9A8E00754F0E /* Instagram.app */,
			);
			name = Products;
			sourceTree = "<group>";
		};
		CECC5E8727FC9A8E00754F0E /* Instagram */ = {
			isa = PBXGroup;
			children = (
				CE99D5AC28056CE900631200 /* Constants */,
				CE99D5A7280569CA00631200 /* Controllers */,
				CE99D5A6280569C300631200 /* Extensions */,
				CE99D5A5280569BE00631200 /* Views */,
				CECC5E8827FC9A8E00754F0E /* AppDelegate.swift */,
				CECC5E8A27FC9A8E00754F0E /* SceneDelegate.swift */,
				CECC5E9127FC9A8E00754F0E /* Assets.xcassets */,
				CECC5E9327FC9A8E00754F0E /* LaunchScreen.storyboard */,
				CECC5E9627FC9A8E00754F0E /* Info.plist */,
			);
			path = Instagram;
			sourceTree = "<group>";
		};
/* End PBXGroup section */

/* Begin PBXNativeTarget section */
		CECC5E8427FC9A8E00754F0E /* Instagram */ = {
			isa = PBXNativeTarget;
			buildConfigurationList = CECC5E9927FC9A8E00754F0E /* Build configuration list for PBXNativeTarget "Instagram" */;
			buildPhases = (
				CECC5E8127FC9A8E00754F0E /* Sources */,
				CECC5E8227FC9A8E00754F0E /* Frameworks */,
				CECC5E8327FC9A8E00754F0E /* Resources */,
			);
			buildRules = (
			);
			dependencies = (
			);
			name = Instagram;
			productName = Instagram;
			productReference = CECC5E8527FC9A8E00754F0E /* Instagram.app */;
			productType = "com.apple.product-type.application";
		};
/* End PBXNativeTarget section */

/* Begin PBXProject section */
		CECC5E7D27FC9A8E00754F0E /* Project object */ = {
			isa = PBXProject;
			attributes = {
				BuildIndependentTargetsInParallel = 1;
				LastSwiftUpdateCheck = 1330;
				LastUpgradeCheck = 1330;
				TargetAttributes = {
					CECC5E8427FC9A8E00754F0E = {
						CreatedOnToolsVersion = 13.3;
					};
				};
			};
			buildConfigurationList = CECC5E8027FC9A8E00754F0E /* Build configuration list for PBXProject "Instagram" */;
			compatibilityVersion = "Xcode 13.0";
			developmentRegion = en;
			hasScannedForEncodings = 0;
			knownRegions = (
				en,
				Base,
			);
			mainGroup = CECC5E7C27FC9A8E00754F0E;
			productRefGroup = CECC5E8627FC9A8E00754F0E /* Products */;
			projectDirPath = "";
			projectRoot = "";
			targets = (
				CECC5E8427FC9A8E00754F0E /* Instagram */,
			);
		};
/* End PBXProject section */

/* Begin PBXResourcesBuildPhase section */
		CECC5E8327FC9A8E00754F0E /* Resources */ = {
			isa = PBXResourcesBuildPhase;
			buildActionMask = 2147483647;
			files = (
				CECC5E9527FC9A8E00754F0E /* LaunchScreen.storyboard in Resources */,
				CE99D5B82805755300631200 /* Main.storyboard in Resources */,
				CE99D5B32805709000631200 /* Registration.storyboard in Resources */,
				CECC5E9227FC9A8E00754F0E /* Assets.xcassets in Resources */,
				CECC5E9027FC9A8E00754F0E /* Login.storyboard in Resources */,
			);
			runOnlyForDeploymentPostprocessing = 0;
		};
/* End PBXResourcesBuildPhase section */

/* Begin PBXSourcesBuildPhase section */
		CECC5E8127FC9A8E00754F0E /* Sources */ = {
			isa = PBXSourcesBuildPhase;
			buildActionMask = 2147483647;
			files = (
				CECC5E8D27FC9A8E00754F0E /* LoginViewController.swift in Sources */,
				CE99D5B028056DBA00631200 /* Storyboard.swift in Sources */,
				CEBD5FBB27FDCB8200B7CF89 /* LoginConfirmController.swift in Sources */,
				CE96577027FDD876006677CE /* PasswordRegistrationController.swift in Sources */,
				CE99D5BB28059F1900631200 /* Color.swift in Sources */,
				CE99D5A928056A6900631200 /* UITextField++.swift in Sources */,
				CE96576E27FDD1C9006677CE /* NameRegistrationController.swift in Sources */,
				CE829F312806EC3000B32953 /* MainViewController.swift in Sources */,
				CE99D5B5280572C900631200 /* ViewController.swift in Sources */,
				CECC5E8927FC9A8E00754F0E /* AppDelegate.swift in Sources */,
				CECC5E8B27FC9A8E00754F0E /* SceneDelegate.swift in Sources */,
				CEFE640227FCA42F00395565 /* UIButton++.swift in Sources */,
				CE99D5AB28056AC800631200 /* Const.swift in Sources */,
				CE99D5AE28056D1700631200 /* Image.swift in Sources */,
			);
			runOnlyForDeploymentPostprocessing = 0;
		};
/* End PBXSourcesBuildPhase section */

/* Begin PBXVariantGroup section */
		CECC5E8E27FC9A8E00754F0E /* Login.storyboard */ = {
			isa = PBXVariantGroup;
			children = (
				CECC5E8F27FC9A8E00754F0E /* Base */,
			);
			name = Login.storyboard;
			sourceTree = "<group>";
		};
		CECC5E9327FC9A8E00754F0E /* LaunchScreen.storyboard */ = {
			isa = PBXVariantGroup;
			children = (
				CECC5E9427FC9A8E00754F0E /* Base */,
			);
			name = LaunchScreen.storyboard;
			sourceTree = "<group>";
		};
/* End PBXVariantGroup section */

/* Begin XCBuildConfiguration section */
		CECC5E9727FC9A8E00754F0E /* Debug */ = {
			isa = XCBuildConfiguration;
			buildSettings = {
				ALWAYS_SEARCH_USER_PATHS = NO;
				CLANG_ANALYZER_NONNULL = YES;
				CLANG_ANALYZER_NUMBER_OBJECT_CONVERSION = YES_AGGRESSIVE;
				CLANG_CXX_LANGUAGE_STANDARD = "gnu++17";
				CLANG_ENABLE_MODULES = YES;
				CLANG_ENABLE_OBJC_ARC = YES;
				CLANG_ENABLE_OBJC_WEAK = YES;
				CLANG_WARN_BLOCK_CAPTURE_AUTORELEASING = YES;
				CLANG_WARN_BOOL_CONVERSION = YES;
				CLANG_WARN_COMMA = YES;
				CLANG_WARN_CONSTANT_CONVERSION = YES;
				CLANG_WARN_DEPRECATED_OBJC_IMPLEMENTATIONS = YES;
				CLANG_WARN_DIRECT_OBJC_ISA_USAGE = YES_ERROR;
				CLANG_WARN_DOCUMENTATION_COMMENTS = YES;
				CLANG_WARN_EMPTY_BODY = YES;
				CLANG_WARN_ENUM_CONVERSION = YES;
				CLANG_WARN_INFINITE_RECURSION = YES;
				CLANG_WARN_INT_CONVERSION = YES;
				CLANG_WARN_NON_LITERAL_NULL_CONVERSION = YES;
				CLANG_WARN_OBJC_IMPLICIT_RETAIN_SELF = YES;
				CLANG_WARN_OBJC_LITERAL_CONVERSION = YES;
				CLANG_WARN_OBJC_ROOT_CLASS = YES_ERROR;
				CLANG_WARN_QUOTED_INCLUDE_IN_FRAMEWORK_HEADER = YES;
				CLANG_WARN_RANGE_LOOP_ANALYSIS = YES;
				CLANG_WARN_STRICT_PROTOTYPES = YES;
				CLANG_WARN_SUSPICIOUS_MOVE = YES;
				CLANG_WARN_UNGUARDED_AVAILABILITY = YES_AGGRESSIVE;
				CLANG_WARN_UNREACHABLE_CODE = YES;
				CLANG_WARN__DUPLICATE_METHOD_MATCH = YES;
				COPY_PHASE_STRIP = NO;
				DEBUG_INFORMATION_FORMAT = dwarf;
				ENABLE_STRICT_OBJC_MSGSEND = YES;
				ENABLE_TESTABILITY = YES;
				GCC_C_LANGUAGE_STANDARD = gnu11;
				GCC_DYNAMIC_NO_PIC = NO;
				GCC_NO_COMMON_BLOCKS = YES;
				GCC_OPTIMIZATION_LEVEL = 0;
				GCC_PREPROCESSOR_DEFINITIONS = (
					"DEBUG=1",
					"$(inherited)",
				);
				GCC_WARN_64_TO_32_BIT_CONVERSION = YES;
				GCC_WARN_ABOUT_RETURN_TYPE = YES_ERROR;
				GCC_WARN_UNDECLARED_SELECTOR = YES;
				GCC_WARN_UNINITIALIZED_AUTOS = YES_AGGRESSIVE;
				GCC_WARN_UNUSED_FUNCTION = YES;
				GCC_WARN_UNUSED_VARIABLE = YES;
				IPHONEOS_DEPLOYMENT_TARGET = 15.4;
				MTL_ENABLE_DEBUG_INFO = INCLUDE_SOURCE;
				MTL_FAST_MATH = YES;
				ONLY_ACTIVE_ARCH = YES;
				SDKROOT = iphoneos;
				SWIFT_ACTIVE_COMPILATION_CONDITIONS = DEBUG;
				SWIFT_OPTIMIZATION_LEVEL = "-Onone";
			};
			name = Debug;
		};
		CECC5E9827FC9A8E00754F0E /* Release */ = {
			isa = XCBuildConfiguration;
			buildSettings = {
				ALWAYS_SEARCH_USER_PATHS = NO;
				CLANG_ANALYZER_NONNULL = YES;
				CLANG_ANALYZER_NUMBER_OBJECT_CONVERSION = YES_AGGRESSIVE;
				CLANG_CXX_LANGUAGE_STANDARD = "gnu++17";
				CLANG_ENABLE_MODULES = YES;
				CLANG_ENABLE_OBJC_ARC = YES;
				CLANG_ENABLE_OBJC_WEAK = YES;
				CLANG_WARN_BLOCK_CAPTURE_AUTORELEASING = YES;
				CLANG_WARN_BOOL_CONVERSION = YES;
				CLANG_WARN_COMMA = YES;
				CLANG_WARN_CONSTANT_CONVERSION = YES;
				CLANG_WARN_DEPRECATED_OBJC_IMPLEMENTATIONS = YES;
				CLANG_WARN_DIRECT_OBJC_ISA_USAGE = YES_ERROR;
				CLANG_WARN_DOCUMENTATION_COMMENTS = YES;
				CLANG_WARN_EMPTY_BODY = YES;
				CLANG_WARN_ENUM_CONVERSION = YES;
				CLANG_WARN_INFINITE_RECURSION = YES;
				CLANG_WARN_INT_CONVERSION = YES;
				CLANG_WARN_NON_LITERAL_NULL_CONVERSION = YES;
				CLANG_WARN_OBJC_IMPLICIT_RETAIN_SELF = YES;
				CLANG_WARN_OBJC_LITERAL_CONVERSION = YES;
				CLANG_WARN_OBJC_ROOT_CLASS = YES_ERROR;
				CLANG_WARN_QUOTED_INCLUDE_IN_FRAMEWORK_HEADER = YES;
				CLANG_WARN_RANGE_LOOP_ANALYSIS = YES;
				CLANG_WARN_STRICT_PROTOTYPES = YES;
				CLANG_WARN_SUSPICIOUS_MOVE = YES;
				CLANG_WARN_UNGUARDED_AVAILABILITY = YES_AGGRESSIVE;
				CLANG_WARN_UNREACHABLE_CODE = YES;
				CLANG_WARN__DUPLICATE_METHOD_MATCH = YES;
				COPY_PHASE_STRIP = NO;
				DEBUG_INFORMATION_FORMAT = "dwarf-with-dsym";
				ENABLE_NS_ASSERTIONS = NO;
				ENABLE_STRICT_OBJC_MSGSEND = YES;
				GCC_C_LANGUAGE_STANDARD = gnu11;
				GCC_NO_COMMON_BLOCKS = YES;
				GCC_WARN_64_TO_32_BIT_CONVERSION = YES;
				GCC_WARN_ABOUT_RETURN_TYPE = YES_ERROR;
				GCC_WARN_UNDECLARED_SELECTOR = YES;
				GCC_WARN_UNINITIALIZED_AUTOS = YES_AGGRESSIVE;
				GCC_WARN_UNUSED_FUNCTION = YES;
				GCC_WARN_UNUSED_VARIABLE = YES;
				IPHONEOS_DEPLOYMENT_TARGET = 15.4;
				MTL_ENABLE_DEBUG_INFO = NO;
				MTL_FAST_MATH = YES;
				SDKROOT = iphoneos;
				SWIFT_COMPILATION_MODE = wholemodule;
				SWIFT_OPTIMIZATION_LEVEL = "-O";
				VALIDATE_PRODUCT = YES;
			};
			name = Release;
		};
		CECC5E9A27FC9A8E00754F0E /* Debug */ = {
			isa = XCBuildConfiguration;
			buildSettings = {
				ASSETCATALOG_COMPILER_APPICON_NAME = AppIcon;
				ASSETCATALOG_COMPILER_GLOBAL_ACCENT_COLOR_NAME = AccentColor;
				CODE_SIGN_STYLE = Automatic;
				CURRENT_PROJECT_VERSION = 1;
				DEVELOPMENT_TEAM = 9K86FQHDLU;
				GENERATE_INFOPLIST_FILE = YES;
				INFOPLIST_FILE = Instagram/Info.plist;
				INFOPLIST_KEY_UIApplicationSupportsIndirectInputEvents = YES;
				INFOPLIST_KEY_UILaunchStoryboardName = LaunchScreen;
				INFOPLIST_KEY_UIMainStoryboardFile = Main;
				INFOPLIST_KEY_UISupportedInterfaceOrientations_iPad = "UIInterfaceOrientationPortrait UIInterfaceOrientationPortraitUpsideDown UIInterfaceOrientationLandscapeLeft UIInterfaceOrientationLandscapeRight";
				INFOPLIST_KEY_UISupportedInterfaceOrientations_iPhone = "UIInterfaceOrientationPortrait UIInterfaceOrientationLandscapeLeft UIInterfaceOrientationLandscapeRight";
				LD_RUNPATH_SEARCH_PATHS = (
					"$(inherited)",
					"@executable_path/Frameworks",
				);
				MARKETING_VERSION = 1.0;
				PRODUCT_BUNDLE_IDENTIFIER = com.sejin.Instagram;
				PRODUCT_NAME = "$(TARGET_NAME)";
				SWIFT_EMIT_LOC_STRINGS = YES;
				SWIFT_VERSION = 5.0;
				TARGETED_DEVICE_FAMILY = "1,2";
			};
			name = Debug;
		};
		CECC5E9B27FC9A8E00754F0E /* Release */ = {
			isa = XCBuildConfiguration;
			buildSettings = {
				ASSETCATALOG_COMPILER_APPICON_NAME = AppIcon;
				ASSETCATALOG_COMPILER_GLOBAL_ACCENT_COLOR_NAME = AccentColor;
				CODE_SIGN_STYLE = Automatic;
				CURRENT_PROJECT_VERSION = 1;
				DEVELOPMENT_TEAM = 9K86FQHDLU;
				GENERATE_INFOPLIST_FILE = YES;
				INFOPLIST_FILE = Instagram/Info.plist;
				INFOPLIST_KEY_UIApplicationSupportsIndirectInputEvents = YES;
				INFOPLIST_KEY_UILaunchStoryboardName = LaunchScreen;
				INFOPLIST_KEY_UIMainStoryboardFile = Main;
				INFOPLIST_KEY_UISupportedInterfaceOrientations_iPad = "UIInterfaceOrientationPortrait UIInterfaceOrientationPortraitUpsideDown UIInterfaceOrientationLandscapeLeft UIInterfaceOrientationLandscapeRight";
				INFOPLIST_KEY_UISupportedInterfaceOrientations_iPhone = "UIInterfaceOrientationPortrait UIInterfaceOrientationLandscapeLeft UIInterfaceOrientationLandscapeRight";
				LD_RUNPATH_SEARCH_PATHS = (
					"$(inherited)",
					"@executable_path/Frameworks",
				);
				MARKETING_VERSION = 1.0;
				PRODUCT_BUNDLE_IDENTIFIER = com.sejin.Instagram;
				PRODUCT_NAME = "$(TARGET_NAME)";
				SWIFT_EMIT_LOC_STRINGS = YES;
				SWIFT_VERSION = 5.0;
				TARGETED_DEVICE_FAMILY = "1,2";
			};
			name = Release;
		};
/* End XCBuildConfiguration section */

/* Begin XCConfigurationList section */
		CECC5E8027FC9A8E00754F0E /* Build configuration list for PBXProject "Instagram" */ = {
			isa = XCConfigurationList;
			buildConfigurations = (
				CECC5E9727FC9A8E00754F0E /* Debug */,
				CECC5E9827FC9A8E00754F0E /* Release */,
			);
			defaultConfigurationIsVisible = 0;
			defaultConfigurationName = Release;
		};
		CECC5E9927FC9A8E00754F0E /* Build configuration list for PBXNativeTarget "Instagram" */ = {
			isa = XCConfigurationList;
			buildConfigurations = (
				CECC5E9A27FC9A8E00754F0E /* Debug */,
				CECC5E9B27FC9A8E00754F0E /* Release */,
			);
			defaultConfigurationIsVisible = 0;
			defaultConfigurationName = Release;
		};
/* End XCConfigurationList section */
	};
	rootObject = CECC5E7D27FC9A8E00754F0E /* Project object */;
}
